// !$*UTF8*$!
{
	archiveVersion = 1;
	classes = {
	};
	objectVersion = 55;
	objects = {

/* Begin PBXBuildFile section */
		277613D6CB26596BB518819D /* MyLibraryAPI.xcframework in Static XCFramework Dependencies */ = {isa = PBXBuildFile; fileRef = 05231FE65D1901C163B8C0D0 /* MyLibraryAPI.xcframework */; };
		4010B1D6F78F378E373C91CF /* ContentView.swift in Sources */ = {isa = PBXBuildFile; fileRef = 0358006C67E33E38AE5FD0BB /* ContentView.swift */; };
		A328E723F606B6162F1A61B2 /* Test.swift in Sources */ = {isa = PBXBuildFile; fileRef = 486A8EA87C2D018CB69C076D /* Test.swift */; };
		AE3772560301B016673DE17A /* MyLibraryAPI2.xcframework in Static XCFramework Dependencies */ = {isa = PBXBuildFile; fileRef = C800A8CEC0EFDA771B892ACE /* MyLibraryAPI2.xcframework */; };
		CEA9972CEC058456B43DB8FA /* ExampleAppApp.swift in Sources */ = {isa = PBXBuildFile; fileRef = BFBE5C9A9D1AAA1FABB838EF /* ExampleAppApp.swift */; };
		E048D116A5A6F815B36DC3DE /* Alamofire.xcframework in Static XCFramework Dependencies */ = {isa = PBXBuildFile; fileRef = 391819563DD94606D6EB853B /* Alamofire.xcframework */; };
		E6C13720F98E0B3CB329D6B2 /* MyLibrary.swift in Sources */ = {isa = PBXBuildFile; fileRef = 1C8CDDA0705A6C1CCCFF23A7 /* MyLibrary.swift */; };
/* End PBXBuildFile section */

/* Begin PBXCopyFilesBuildPhase section */
		08EA7D2E479BFF66236DCD27 /* Static XCFramework Dependencies */ = {
			isa = PBXCopyFilesBuildPhase;
			buildActionMask = 8;
			dstPath = _StaticXCFrameworkDependencies/MyLibraryTwo;
			dstSubfolderSpec = 16;
			files = (
				277613D6CB26596BB518819D /* MyLibraryAPI.xcframework in Static XCFramework Dependencies */,
				E048D116A5A6F815B36DC3DE /* Alamofire.xcframework in Static XCFramework Dependencies */,
				AE3772560301B016673DE17A /* MyLibraryAPI2.xcframework in Static XCFramework Dependencies */,
			);
			name = "Static XCFramework Dependencies";
			runOnlyForDeploymentPostprocessing = 1;
		};
		B51942353C89D365EB756953 /* Embed Frameworks */ = {
			isa = PBXCopyFilesBuildPhase;
			buildActionMask = 2147483647;
			dstPath = "";
			dstSubfolderSpec = 10;
			files = (
			);
			name = "Embed Frameworks";
			runOnlyForDeploymentPostprocessing = 0;
		};
		E6B795E23FB6513D631B68C0 /* Embed Frameworks */ = {
			isa = PBXCopyFilesBuildPhase;
			buildActionMask = 2147483647;
			dstPath = "";
			dstSubfolderSpec = 10;
			files = (
			);
			name = "Embed Frameworks";
			runOnlyForDeploymentPostprocessing = 0;
		};
/* End PBXCopyFilesBuildPhase section */

/* Begin PBXFileReference section */
		0358006C67E33E38AE5FD0BB /* ContentView.swift */ = {isa = PBXFileReference; lastKnownFileType = sourcecode.swift; path = ContentView.swift; sourceTree = "<group>"; };
		05231FE65D1901C163B8C0D0 /* MyLibraryAPI.xcframework */ = {isa = PBXFileReference; lastKnownFileType = wrapper.xcframework; name = MyLibraryAPI.xcframework; path = /Users/giskhakov/.cache/tuist/Binaries/a619515b7c635881de341e6e3f460958/MyLibraryAPI.xcframework; sourceTree = "<absolute>"; };
		1C8CDDA0705A6C1CCCFF23A7 /* MyLibrary.swift */ = {isa = PBXFileReference; lastKnownFileType = sourcecode.swift; path = MyLibrary.swift; sourceTree = "<group>"; };
		391819563DD94606D6EB853B /* Alamofire.xcframework */ = {isa = PBXFileReference; lastKnownFileType = wrapper.xcframework; name = Alamofire.xcframework; path = /Users/giskhakov/.cache/tuist/Binaries/e4d4d99a675a8f5d0cec66dc33f6f688/Alamofire.xcframework; sourceTree = "<absolute>"; };
		486A8EA87C2D018CB69C076D /* Test.swift */ = {isa = PBXFileReference; lastKnownFileType = sourcecode.swift; path = Test.swift; sourceTree = "<group>"; };
		5774A8128387CA9C649C17B5 /* MyLibraryExampleApp2-Info.plist */ = {isa = PBXFileReference; lastKnownFileType = text.plist; path = "MyLibraryExampleApp2-Info.plist"; sourceTree = "<group>"; };
		A05182163B70C166B655F088 /* libMyLibraryTwo.a */ = {isa = PBXFileReference; explicitFileType = archive.ar; includeInIndex = 0; path = libMyLibraryTwo.a; sourceTree = BUILT_PRODUCTS_DIR; };
		BFBE5C9A9D1AAA1FABB838EF /* ExampleAppApp.swift */ = {isa = PBXFileReference; lastKnownFileType = sourcecode.swift; path = ExampleAppApp.swift; sourceTree = "<group>"; };
		C800A8CEC0EFDA771B892ACE /* MyLibraryAPI2.xcframework */ = {isa = PBXFileReference; lastKnownFileType = wrapper.xcframework; name = MyLibraryAPI2.xcframework; path = /Users/giskhakov/.cache/tuist/Binaries/eb29eb96600d22172377f5e78552797b/MyLibraryAPI2.xcframework; sourceTree = "<absolute>"; };
		D8DBB216B01A04A0CABE9A5F /* MyLibraryExampleApp2.app */ = {isa = PBXFileReference; explicitFileType = wrapper.application; includeInIndex = 0; path = MyLibraryExampleApp2.app; sourceTree = BUILT_PRODUCTS_DIR; };
/* End PBXFileReference section */

/* Begin PBXFrameworksBuildPhase section */
		2B8EE8C9C84E069F515FBC74 /* Frameworks */ = {
			isa = PBXFrameworksBuildPhase;
			buildActionMask = 2147483647;
			files = (
			);
			runOnlyForDeploymentPostprocessing = 0;
		};
		6DBC01DF857DBE94190D34B9 /* Frameworks */ = {
			isa = PBXFrameworksBuildPhase;
			buildActionMask = 2147483647;
			files = (
			);
			runOnlyForDeploymentPostprocessing = 0;
		};
/* End PBXFrameworksBuildPhase section */

/* Begin PBXGroup section */
		24320E4C6A38A24DF9B36D0F /* Project */ = {
			isa = PBXGroup;
			children = (
				73CF887B7A01329702278BF1 /* Derived */,
				ACD1A460E633FB42ADBC4375 /* ExampleApp */,
				4281053845155ECDBDFA94F3 /* MyLibraryTwo */,
			);
			name = Project;
			sourceTree = "<group>";
		};
		399172B0E4E7A45008ED3305 /* InfoPlists */ = {
			isa = PBXGroup;
			children = (
				5774A8128387CA9C649C17B5 /* MyLibraryExampleApp2-Info.plist */,
			);
			path = InfoPlists;
			sourceTree = "<group>";
		};
		4281053845155ECDBDFA94F3 /* MyLibraryTwo */ = {
			isa = PBXGroup;
			children = (
				1C8CDDA0705A6C1CCCFF23A7 /* MyLibrary.swift */,
				486A8EA87C2D018CB69C076D /* Test.swift */,
			);
			path = MyLibraryTwo;
			sourceTree = "<group>";
		};
		5598A130135F479102C95F12 /* Products */ = {
			isa = PBXGroup;
			children = (
				A05182163B70C166B655F088 /* libMyLibraryTwo.a */,
				D8DBB216B01A04A0CABE9A5F /* MyLibraryExampleApp2.app */,
			);
			name = Products;
			sourceTree = "<group>";
		};
		73CF887B7A01329702278BF1 /* Derived */ = {
			isa = PBXGroup;
			children = (
				399172B0E4E7A45008ED3305 /* InfoPlists */,
			);
			path = Derived;
			sourceTree = "<group>";
		};
		ACD1A460E633FB42ADBC4375 /* ExampleApp */ = {
			isa = PBXGroup;
			children = (
				0358006C67E33E38AE5FD0BB /* ContentView.swift */,
				BFBE5C9A9D1AAA1FABB838EF /* ExampleAppApp.swift */,
			);
			path = ExampleApp;
			sourceTree = "<group>";
		};
		CD987F53BB85578ECF30A618 /* Cache */ = {
			isa = PBXGroup;
			children = (
				391819563DD94606D6EB853B /* Alamofire.xcframework */,
				05231FE65D1901C163B8C0D0 /* MyLibraryAPI.xcframework */,
				C800A8CEC0EFDA771B892ACE /* MyLibraryAPI2.xcframework */,
			);
			name = Cache;
			sourceTree = "<group>";
		};
		D90F5B4C6936F61BA23F7976 = {
			isa = PBXGroup;
			children = (
				24320E4C6A38A24DF9B36D0F /* Project */,
				5598A130135F479102C95F12 /* Products */,
				CD987F53BB85578ECF30A618 /* Cache */,
			);
			sourceTree = "<group>";
		};
/* End PBXGroup section */

/* Begin PBXNativeTarget section */
		590CC419C808A8490AA02A13 /* MyLibraryExampleApp2 */ = {
			isa = PBXNativeTarget;
			buildConfigurationList = EC214DFBC54CBA5031201E88 /* Build configuration list for PBXNativeTarget "MyLibraryExampleApp2" */;
			buildPhases = (
				74E9C6A4BDFD4245172C9A67 /* Sources */,
				E3AD95301625D11704B6B1B7 /* Resources */,
				6DBC01DF857DBE94190D34B9 /* Frameworks */,
				B51942353C89D365EB756953 /* Embed Frameworks */,
			);
			buildRules = (
			);
			dependencies = (
			);
			name = MyLibraryExampleApp2;
			packageProductDependencies = (
			);
			productName = MyLibraryExampleApp2;
			productReference = D8DBB216B01A04A0CABE9A5F /* MyLibraryExampleApp2.app */;
			productType = "com.apple.product-type.application";
		};
		5CCFA60A6CF4D901E6D46CAF /* MyLibraryTwo */ = {
			isa = PBXNativeTarget;
			buildConfigurationList = D1529D3BCB6F7A01E13D70FA /* Build configuration list for PBXNativeTarget "MyLibraryTwo" */;
			buildPhases = (
				8997A4CF183F240CE9ABAA52 /* Sources */,
				4E4037A0288BF37C259BC158 /* Resources */,
				2B8EE8C9C84E069F515FBC74 /* Frameworks */,
				E6B795E23FB6513D631B68C0 /* Embed Frameworks */,
				08EA7D2E479BFF66236DCD27 /* Static XCFramework Dependencies */,
			);
			buildRules = (
			);
			dependencies = (
			);
			name = MyLibraryTwo;
			packageProductDependencies = (
			);
			productName = MyLibraryTwo;
			productReference = A05182163B70C166B655F088 /* libMyLibraryTwo.a */;
			productType = "com.apple.product-type.library.static";
		};
/* End PBXNativeTarget section */

/* Begin PBXProject section */
		C6A255F772054D9344BC5686 /* Project object */ = {
			isa = PBXProject;
			attributes = {
				BuildIndependentTargetsInParallel = YES;
			};
			buildConfigurationList = 32CC9D86B9D8162DAAA33611 /* Build configuration list for PBXProject "MyLibrary2" */;
			compatibilityVersion = "Xcode 14.0";
			developmentRegion = en;
			hasScannedForEncodings = 0;
			knownRegions = (
				Base,
				en,
			);
			mainGroup = D90F5B4C6936F61BA23F7976;
			productRefGroup = 5598A130135F479102C95F12 /* Products */;
			projectDirPath = "";
			projectRoot = "";
			targets = (
				590CC419C808A8490AA02A13 /* MyLibraryExampleApp2 */,
				5CCFA60A6CF4D901E6D46CAF /* MyLibraryTwo */,
			);
		};
/* End PBXProject section */

/* Begin PBXResourcesBuildPhase section */
		4E4037A0288BF37C259BC158 /* Resources */ = {
			isa = PBXResourcesBuildPhase;
			buildActionMask = 2147483647;
			files = (
			);
			runOnlyForDeploymentPostprocessing = 0;
		};
		E3AD95301625D11704B6B1B7 /* Resources */ = {
			isa = PBXResourcesBuildPhase;
			buildActionMask = 2147483647;
			files = (
			);
			runOnlyForDeploymentPostprocessing = 0;
		};
/* End PBXResourcesBuildPhase section */

/* Begin PBXSourcesBuildPhase section */
		74E9C6A4BDFD4245172C9A67 /* Sources */ = {
			isa = PBXSourcesBuildPhase;
			buildActionMask = 2147483647;
			files = (
				4010B1D6F78F378E373C91CF /* ContentView.swift in Sources */,
				CEA9972CEC058456B43DB8FA /* ExampleAppApp.swift in Sources */,
			);
			runOnlyForDeploymentPostprocessing = 0;
		};
		8997A4CF183F240CE9ABAA52 /* Sources */ = {
			isa = PBXSourcesBuildPhase;
			buildActionMask = 2147483647;
			files = (
				E6C13720F98E0B3CB329D6B2 /* MyLibrary.swift in Sources */,
				A328E723F606B6162F1A61B2 /* Test.swift in Sources */,
			);
			runOnlyForDeploymentPostprocessing = 0;
		};
/* End PBXSourcesBuildPhase section */

/* Begin XCBuildConfiguration section */
		6741140D2FF432E6A85ED1E9 /* Release */ = {
			isa = XCBuildConfiguration;
			buildSettings = {
				ALWAYS_SEARCH_USER_PATHS = NO;
				CLANG_ANALYZER_LOCALIZABILITY_NONLOCALIZED = YES;
				CLANG_ANALYZER_NONNULL = YES;
				CLANG_ANALYZER_NUMBER_OBJECT_CONVERSION = YES_AGGRESSIVE;
				CLANG_CXX_LANGUAGE_STANDARD = "gnu++14";
				CLANG_CXX_LIBRARY = "libc++";
				CLANG_ENABLE_MODULES = YES;
				CLANG_ENABLE_OBJC_ARC = YES;
				CLANG_ENABLE_OBJC_WEAK = YES;
				CLANG_WARN_BLOCK_CAPTURE_AUTORELEASING = YES;
				CLANG_WARN_BOOL_CONVERSION = YES;
				CLANG_WARN_COMMA = YES;
				CLANG_WARN_CONSTANT_CONVERSION = YES;
				CLANG_WARN_DEPRECATED_OBJC_IMPLEMENTATIONS = YES;
				CLANG_WARN_DIRECT_OBJC_ISA_USAGE = YES_ERROR;
				CLANG_WARN_DOCUMENTATION_COMMENTS = YES;
				CLANG_WARN_EMPTY_BODY = YES;
				CLANG_WARN_ENUM_CONVERSION = YES;
				CLANG_WARN_INFINITE_RECURSION = YES;
				CLANG_WARN_INT_CONVERSION = YES;
				CLANG_WARN_NON_LITERAL_NULL_CONVERSION = YES;
				CLANG_WARN_OBJC_IMPLICIT_RETAIN_SELF = YES;
				CLANG_WARN_OBJC_LITERAL_CONVERSION = YES;
				CLANG_WARN_OBJC_ROOT_CLASS = YES_ERROR;
				CLANG_WARN_QUOTED_INCLUDE_IN_FRAMEWORK_HEADER = YES;
				CLANG_WARN_RANGE_LOOP_ANALYSIS = YES;
				CLANG_WARN_STRICT_PROTOTYPES = YES;
				CLANG_WARN_SUSPICIOUS_MOVE = YES;
				CLANG_WARN_UNGUARDED_AVAILABILITY = YES_AGGRESSIVE;
				CLANG_WARN_UNREACHABLE_CODE = YES;
				CLANG_WARN__DUPLICATE_METHOD_MATCH = YES;
				COPY_PHASE_STRIP = NO;
				DEAD_CODE_STRIPPING = YES;
				DEBUG_INFORMATION_FORMAT = "dwarf-with-dsym";
				ENABLE_NS_ASSERTIONS = NO;
				ENABLE_STRICT_OBJC_MSGSEND = YES;
				GCC_C_LANGUAGE_STANDARD = gnu11;
				GCC_NO_COMMON_BLOCKS = YES;
				GCC_WARN_64_TO_32_BIT_CONVERSION = YES;
				GCC_WARN_ABOUT_RETURN_TYPE = YES_ERROR;
				GCC_WARN_UNDECLARED_SELECTOR = YES;
				GCC_WARN_UNINITIALIZED_AUTOS = YES_AGGRESSIVE;
				GCC_WARN_UNUSED_FUNCTION = YES;
				GCC_WARN_UNUSED_VARIABLE = YES;
				MTL_ENABLE_DEBUG_INFO = NO;
				PRODUCT_NAME = "$(TARGET_NAME)";
				SRCROOT = /Users/giskhakov/Documents/test/testingtuistgit/testingtusit/Packages/Features/MyLibrary2;
				VALIDATE_PRODUCT = YES;
			};
			name = Release;
		};
		7832996F5D8E10CB1EDC4C0C /* Debug */ = {
			isa = XCBuildConfiguration;
			buildSettings = {
				ALWAYS_SEARCH_USER_PATHS = NO;
				CLANG_ANALYZER_LOCALIZABILITY_NONLOCALIZED = YES;
				CLANG_ANALYZER_NONNULL = YES;
				CLANG_ANALYZER_NUMBER_OBJECT_CONVERSION = YES_AGGRESSIVE;
				CLANG_CXX_LANGUAGE_STANDARD = "gnu++14";
				CLANG_CXX_LIBRARY = "libc++";
				CLANG_ENABLE_MODULES = YES;
				CLANG_ENABLE_OBJC_ARC = YES;
				CLANG_ENABLE_OBJC_WEAK = YES;
				CLANG_WARN_BLOCK_CAPTURE_AUTORELEASING = YES;
				CLANG_WARN_BOOL_CONVERSION = YES;
				CLANG_WARN_COMMA = YES;
				CLANG_WARN_CONSTANT_CONVERSION = YES;
				CLANG_WARN_DEPRECATED_OBJC_IMPLEMENTATIONS = YES;
				CLANG_WARN_DIRECT_OBJC_ISA_USAGE = YES_ERROR;
				CLANG_WARN_DOCUMENTATION_COMMENTS = YES;
				CLANG_WARN_EMPTY_BODY = YES;
				CLANG_WARN_ENUM_CONVERSION = YES;
				CLANG_WARN_INFINITE_RECURSION = YES;
				CLANG_WARN_INT_CONVERSION = YES;
				CLANG_WARN_NON_LITERAL_NULL_CONVERSION = YES;
				CLANG_WARN_OBJC_IMPLICIT_RETAIN_SELF = YES;
				CLANG_WARN_OBJC_LITERAL_CONVERSION = YES;
				CLANG_WARN_OBJC_ROOT_CLASS = YES_ERROR;
				CLANG_WARN_QUOTED_INCLUDE_IN_FRAMEWORK_HEADER = YES;
				CLANG_WARN_RANGE_LOOP_ANALYSIS = YES;
				CLANG_WARN_STRICT_PROTOTYPES = YES;
				CLANG_WARN_SUSPICIOUS_MOVE = YES;
				CLANG_WARN_UNGUARDED_AVAILABILITY = YES_AGGRESSIVE;
				CLANG_WARN_UNREACHABLE_CODE = YES;
				CLANG_WARN__DUPLICATE_METHOD_MATCH = YES;
				COPY_PHASE_STRIP = NO;
				DEAD_CODE_STRIPPING = YES;
				DEBUG_INFORMATION_FORMAT = dwarf;
				ENABLE_STRICT_OBJC_MSGSEND = YES;
				ENABLE_TESTABILITY = YES;
				GCC_C_LANGUAGE_STANDARD = gnu11;
				GCC_DYNAMIC_NO_PIC = NO;
				GCC_NO_COMMON_BLOCKS = YES;
				GCC_OPTIMIZATION_LEVEL = 0;
				GCC_PREPROCESSOR_DEFINITIONS = (
					"DEBUG=1",
					"$(inherited)",
				);
				GCC_WARN_64_TO_32_BIT_CONVERSION = YES;
				GCC_WARN_ABOUT_RETURN_TYPE = YES_ERROR;
				GCC_WARN_UNDECLARED_SELECTOR = YES;
				GCC_WARN_UNINITIALIZED_AUTOS = YES_AGGRESSIVE;
				GCC_WARN_UNUSED_FUNCTION = YES;
				GCC_WARN_UNUSED_VARIABLE = YES;
				MTL_ENABLE_DEBUG_INFO = YES;
				ONLY_ACTIVE_ARCH = YES;
				PRODUCT_NAME = "$(TARGET_NAME)";
				SRCROOT = /Users/giskhakov/Documents/test/testingtuistgit/testingtusit/Packages/Features/MyLibrary2;
			};
			name = Debug;
		};
		8E4B4B49E67A26FA143745E9 /* Debug */ = {
			isa = XCBuildConfiguration;
			buildSettings = {
				CODE_SIGN_IDENTITY = "iPhone Developer";
				OTHER_LDFLAGS = "-ObjC";
				PRODUCT_BUNDLE_IDENTIFIER = "";
				PRODUCT_NAME = MyLibraryTwo;
				SDKROOT = iphoneos;
				SKIP_INSTALL = YES;
				SUPPORTS_MACCATALYST = NO;
				SUPPORTS_MAC_DESIGNED_FOR_IPHONE_IPAD = YES;
				SUPPORTS_XR_DESIGNED_FOR_IPHONE_IPAD = NO;
				SWIFT_ACTIVE_COMPILATION_CONDITIONS = (
					"$(inherited)",
					DEBUG,
				);
				SWIFT_COMPILATION_MODE = singlefile;
				SWIFT_OPTIMIZATION_LEVEL = "-Onone";
				SWIFT_VERSION = 5.0;
				TARGETED_DEVICE_FAMILY = "1,2";
			};
			name = Debug;
		};
		CAE2A2D4C4A1B6E425C77827 /* Release */ = {
			isa = XCBuildConfiguration;
			buildSettings = {
				CODE_SIGN_IDENTITY = "iPhone Developer";
				OTHER_LDFLAGS = "-ObjC";
				PRODUCT_BUNDLE_IDENTIFIER = "";
				PRODUCT_NAME = MyLibraryTwo;
				SDKROOT = iphoneos;
				SKIP_INSTALL = YES;
				SUPPORTS_MACCATALYST = NO;
				SUPPORTS_MAC_DESIGNED_FOR_IPHONE_IPAD = YES;
				SUPPORTS_XR_DESIGNED_FOR_IPHONE_IPAD = NO;
				SWIFT_COMPILATION_MODE = wholemodule;
				SWIFT_OPTIMIZATION_LEVEL = "-Owholemodule";
				SWIFT_VERSION = 5.0;
				TARGETED_DEVICE_FAMILY = "1,2";
			};
			name = Release;
		};
		CD6194248B9AECED64892DE6 /* Release */ = {
			isa = XCBuildConfiguration;
			buildSettings = {
				ASSETCATALOG_COMPILER_APPICON_NAME = AppIcon;
				CODE_SIGN_IDENTITY = "iPhone Developer";
				ENABLE_PREVIEWS = YES;
				INFOPLIST_FILE = "Derived/InfoPlists/MyLibraryExampleApp2-Info.plist";
				LD_RUNPATH_SEARCH_PATHS = (
					"$(inherited)",
					"@executable_path/Frameworks",
				);
				PRODUCT_BUNDLE_IDENTIFIER = com.random.example;
				PRODUCT_NAME = MyLibraryExampleApp2;
				SDKROOT = iphoneos;
				SUPPORTS_MACCATALYST = NO;
				SUPPORTS_MAC_DESIGNED_FOR_IPHONE_IPAD = YES;
				SUPPORTS_XR_DESIGNED_FOR_IPHONE_IPAD = NO;
				SWIFT_COMPILATION_MODE = wholemodule;
				SWIFT_OPTIMIZATION_LEVEL = "-Owholemodule";
				SWIFT_VERSION = 5.0;
				TARGETED_DEVICE_FAMILY = "1,2";
			};
			name = Release;
		};
		EA470AFCCA986561D8DB0233 /* Debug */ = {
			isa = XCBuildConfiguration;
			buildSettings = {
				ASSETCATALOG_COMPILER_APPICON_NAME = AppIcon;
				CODE_SIGN_IDENTITY = "iPhone Developer";
				ENABLE_PREVIEWS = YES;
				INFOPLIST_FILE = "Derived/InfoPlists/MyLibraryExampleApp2-Info.plist";
				LD_RUNPATH_SEARCH_PATHS = (
					"$(inherited)",
					"@executable_path/Frameworks",
				);
				PRODUCT_BUNDLE_IDENTIFIER = com.random.example;
				PRODUCT_NAME = MyLibraryExampleApp2;
				SDKROOT = iphoneos;
				SUPPORTS_MACCATALYST = NO;
				SUPPORTS_MAC_DESIGNED_FOR_IPHONE_IPAD = YES;
				SUPPORTS_XR_DESIGNED_FOR_IPHONE_IPAD = NO;
				SWIFT_ACTIVE_COMPILATION_CONDITIONS = (
					"$(inherited)",
					DEBUG,
				);
				SWIFT_COMPILATION_MODE = singlefile;
				SWIFT_OPTIMIZATION_LEVEL = "-Onone";
				SWIFT_VERSION = 5.0;
				TARGETED_DEVICE_FAMILY = "1,2";
			};
			name = Debug;
		};
/* End XCBuildConfiguration section */

/* Begin XCConfigurationList section */
		32CC9D86B9D8162DAAA33611 /* Build configuration list for PBXProject "MyLibrary2" */ = {
			isa = XCConfigurationList;
			buildConfigurations = (
				7832996F5D8E10CB1EDC4C0C /* Debug */,
				6741140D2FF432E6A85ED1E9 /* Release */,
			);
			defaultConfigurationIsVisible = 0;
			defaultConfigurationName = Release;
		};
		D1529D3BCB6F7A01E13D70FA /* Build configuration list for PBXNativeTarget "MyLibraryTwo" */ = {
			isa = XCConfigurationList;
			buildConfigurations = (
				8E4B4B49E67A26FA143745E9 /* Debug */,
				CAE2A2D4C4A1B6E425C77827 /* Release */,
			);
			defaultConfigurationIsVisible = 0;
			defaultConfigurationName = Release;
		};
		EC214DFBC54CBA5031201E88 /* Build configuration list for PBXNativeTarget "MyLibraryExampleApp2" */ = {
			isa = XCConfigurationList;
			buildConfigurations = (
				EA470AFCCA986561D8DB0233 /* Debug */,
				CD6194248B9AECED64892DE6 /* Release */,
			);
			defaultConfigurationIsVisible = 0;
			defaultConfigurationName = Release;
		};
/* End XCConfigurationList section */
	};
	rootObject = C6A255F772054D9344BC5686 /* Project object */;
}
