// !$*UTF8*$!
{
	archiveVersion = 1;
	classes = {
	};
	objectVersion = 55;
	objects = {

/* Begin PBXBuildFile section */
		0C4B85D8D234089F41AF44BA /* test.swift in Sources */ = {isa = PBXBuildFile; fileRef = 45A0DFD717EB4D846B527E2A /* test.swift */; };
		2A6F4C45DF6444CC23663E3D /* MyLibraryAPI.framework in Dependencies */ = {isa = PBXBuildFile; fileRef = C94E5E2A8E10AAC4A9A4FFBF /* MyLibraryAPI.framework */; };
		2B8EE9958FCE7DB5B95E6032 /* MyLibraryAPI2.framework in Dependencies */ = {isa = PBXBuildFile; fileRef = 25984E9C7C42221D4589FBA6 /* MyLibraryAPI2.framework */; };
		4010B1D6F78F378E373C91CF /* ContentView.swift in Sources */ = {isa = PBXBuildFile; fileRef = 0358006C67E33E38AE5FD0BB /* ContentView.swift */; };
		9364AC89D1DA9F75F265D4D8 /* Test.swift in Sources */ = {isa = PBXBuildFile; fileRef = 887B8AE99FC9AE0312B48FD9 /* Test.swift */; };
		A328E723F606B6162F1A61B2 /* Test.swift in Sources */ = {isa = PBXBuildFile; fileRef = 486A8EA87C2D018CB69C076D /* Test.swift */; };
		CEA9972CEC058456B43DB8FA /* ExampleAppApp.swift in Sources */ = {isa = PBXBuildFile; fileRef = BFBE5C9A9D1AAA1FABB838EF /* ExampleAppApp.swift */; };
		E048D116A5A6F815B36DC3DE /* Alamofire.xcframework in Static XCFramework Dependencies */ = {isa = PBXBuildFile; fileRef = 391819563DD94606D6EB853B /* Alamofire.xcframework */; };
		E6C13720F98E0B3CB329D6B2 /* MyLibrary.swift in Sources */ = {isa = PBXBuildFile; fileRef = 1C8CDDA0705A6C1CCCFF23A7 /* MyLibrary.swift */; };
		EC29E7A5154886C6C53D04E6 /* Mcok.swift in Sources */ = {isa = PBXBuildFile; fileRef = 837094E384F1808BA9522247 /* Mcok.swift */; };
/* End PBXBuildFile section */

/* Begin PBXContainerItemProxy section */
		59ABE75E50090E3C28A4A0A2 /* PBXContainerItemProxy */ = {
			isa = PBXContainerItemProxy;
			containerPortal = C6A255F772054D9344BC5686 /* Project object */;
			proxyType = 1;
			remoteGlobalIDString = 87782AF0EC6A0F011581B69B;
			remoteInfo = MyLibraryAPI2;
		};
/* End PBXContainerItemProxy section */

/* Begin PBXCopyFilesBuildPhase section */
		08EA7D2E479BFF66236DCD27 /* Static XCFramework Dependencies */ = {
			isa = PBXCopyFilesBuildPhase;
			buildActionMask = 8;
			dstPath = _StaticXCFrameworkDependencies/MyLibraryTwo;
			dstSubfolderSpec = 16;
			files = (
				E048D116A5A6F815B36DC3DE /* Alamofire.xcframework in Static XCFramework Dependencies */,
			);
			name = "Static XCFramework Dependencies";
			runOnlyForDeploymentPostprocessing = 1;
		};
		132BD44CFCC236AE500F84E2 /* Embed Frameworks */ = {
			isa = PBXCopyFilesBuildPhase;
			buildActionMask = 2147483647;
			dstPath = "";
			dstSubfolderSpec = 10;
			files = (
			);
			name = "Embed Frameworks";
			runOnlyForDeploymentPostprocessing = 0;
		};
		559B0D0DAEFF90002E40EA61 /* Embed Frameworks */ = {
			isa = PBXCopyFilesBuildPhase;
			buildActionMask = 2147483647;
			dstPath = "";
			dstSubfolderSpec = 10;
			files = (
			);
			name = "Embed Frameworks";
			runOnlyForDeploymentPostprocessing = 0;
		};
		AFC24899CF73445F8C5B97D9 /* Dependencies */ = {
			isa = PBXCopyFilesBuildPhase;
			buildActionMask = 8;
			dstSubfolderSpec = 16;
			files = (
				2A6F4C45DF6444CC23663E3D /* MyLibraryAPI.framework in Dependencies */,
				2B8EE9958FCE7DB5B95E6032 /* MyLibraryAPI2.framework in Dependencies */,
			);
			name = Dependencies;
			runOnlyForDeploymentPostprocessing = 1;
		};
		B0D5407246533F39B3882DC5 /* Embed Frameworks */ = {
			isa = PBXCopyFilesBuildPhase;
			buildActionMask = 2147483647;
			dstPath = "";
			dstSubfolderSpec = 10;
			files = (
			);
			name = "Embed Frameworks";
			runOnlyForDeploymentPostprocessing = 0;
		};
		B51942353C89D365EB756953 /* Embed Frameworks */ = {
			isa = PBXCopyFilesBuildPhase;
			buildActionMask = 2147483647;
			dstPath = "";
			dstSubfolderSpec = 10;
			files = (
			);
			name = "Embed Frameworks";
			runOnlyForDeploymentPostprocessing = 0;
		};
		E6B795E23FB6513D631B68C0 /* Embed Frameworks */ = {
			isa = PBXCopyFilesBuildPhase;
			buildActionMask = 2147483647;
			dstPath = "";
			dstSubfolderSpec = 10;
			files = (
			);
			name = "Embed Frameworks";
			runOnlyForDeploymentPostprocessing = 0;
		};
/* End PBXCopyFilesBuildPhase section */

/* Begin PBXFileReference section */
		0358006C67E33E38AE5FD0BB /* ContentView.swift */ = {isa = PBXFileReference; lastKnownFileType = sourcecode.swift; path = ContentView.swift; sourceTree = "<group>"; };
		10D3463802ED5BE1F3FF3DE5 /* MyLibraryMocks2-Info.plist */ = {isa = PBXFileReference; lastKnownFileType = text.plist; path = "MyLibraryMocks2-Info.plist"; sourceTree = "<group>"; };
		1C8CDDA0705A6C1CCCFF23A7 /* MyLibrary.swift */ = {isa = PBXFileReference; lastKnownFileType = sourcecode.swift; path = MyLibrary.swift; sourceTree = "<group>"; };
		25984E9C7C42221D4589FBA6 /* MyLibraryAPI2.framework */ = {isa = PBXFileReference; explicitFileType = wrapper.framework; includeInIndex = 0; path = MyLibraryAPI2.framework; sourceTree = BUILT_PRODUCTS_DIR; };
		271168B96F02EFC0E53FC448 /* MyLibraryTests2.xctest */ = {isa = PBXFileReference; explicitFileType = wrapper.cfbundle; includeInIndex = 0; path = MyLibraryTests2.xctest; sourceTree = BUILT_PRODUCTS_DIR; };
		391819563DD94606D6EB853B /* Alamofire.xcframework */ = {isa = PBXFileReference; lastKnownFileType = wrapper.xcframework; name = Alamofire.xcframework; path = /Users/giskhakov/.cache/tuist/Binaries/e4d4d99a675a8f5d0cec66dc33f6f688/Alamofire.xcframework; sourceTree = "<absolute>"; };
		44E5AF8AB96DB814CA356182 /* MyLibraryAPI2-Info.plist */ = {isa = PBXFileReference; lastKnownFileType = text.plist; path = "MyLibraryAPI2-Info.plist"; sourceTree = "<group>"; };
		45A0DFD717EB4D846B527E2A /* test.swift */ = {isa = PBXFileReference; lastKnownFileType = sourcecode.swift; path = test.swift; sourceTree = "<group>"; };
		486A8EA87C2D018CB69C076D /* Test.swift */ = {isa = PBXFileReference; lastKnownFileType = sourcecode.swift; path = Test.swift; sourceTree = "<group>"; };
		5774A8128387CA9C649C17B5 /* MyLibraryExampleApp2-Info.plist */ = {isa = PBXFileReference; lastKnownFileType = text.plist; path = "MyLibraryExampleApp2-Info.plist"; sourceTree = "<group>"; };
		837094E384F1808BA9522247 /* Mcok.swift */ = {isa = PBXFileReference; lastKnownFileType = sourcecode.swift; path = Mcok.swift; sourceTree = "<group>"; };
		887B8AE99FC9AE0312B48FD9 /* Test.swift */ = {isa = PBXFileReference; lastKnownFileType = sourcecode.swift; path = Test.swift; sourceTree = "<group>"; };
		9B1B308E67FDD722C12174BD /* MyLibraryTests2-Info.plist */ = {isa = PBXFileReference; lastKnownFileType = text.plist; path = "MyLibraryTests2-Info.plist"; sourceTree = "<group>"; };
		A05182163B70C166B655F088 /* libMyLibraryTwo.a */ = {isa = PBXFileReference; explicitFileType = archive.ar; includeInIndex = 0; path = libMyLibraryTwo.a; sourceTree = BUILT_PRODUCTS_DIR; };
		BFBE5C9A9D1AAA1FABB838EF /* ExampleAppApp.swift */ = {isa = PBXFileReference; lastKnownFileType = sourcecode.swift; path = ExampleAppApp.swift; sourceTree = "<group>"; };
		C94E5E2A8E10AAC4A9A4FFBF /* MyLibraryAPI.framework */ = {isa = PBXFileReference; explicitFileType = wrapper.framework; includeInIndex = 0; path = MyLibraryAPI.framework; sourceTree = BUILT_PRODUCTS_DIR; };
		D8DBB216B01A04A0CABE9A5F /* MyLibraryExampleApp2.app */ = {isa = PBXFileReference; explicitFileType = wrapper.application; includeInIndex = 0; path = MyLibraryExampleApp2.app; sourceTree = BUILT_PRODUCTS_DIR; };
		DE1804EE30C76F37FDEE6D13 /* MyLibraryMocks2.xctest */ = {isa = PBXFileReference; explicitFileType = wrapper.cfbundle; includeInIndex = 0; path = MyLibraryMocks2.xctest; sourceTree = BUILT_PRODUCTS_DIR; };
/* End PBXFileReference section */

/* Begin PBXFrameworksBuildPhase section */
		2B8EE8C9C84E069F515FBC74 /* Frameworks */ = {
			isa = PBXFrameworksBuildPhase;
			buildActionMask = 2147483647;
			files = (
			);
			runOnlyForDeploymentPostprocessing = 0;
		};
		6DBC01DF857DBE94190D34B9 /* Frameworks */ = {
			isa = PBXFrameworksBuildPhase;
			buildActionMask = 2147483647;
			files = (
			);
			runOnlyForDeploymentPostprocessing = 0;
		};
		984FAE1F636FE23EA54A9190 /* Frameworks */ = {
			isa = PBXFrameworksBuildPhase;
			buildActionMask = 2147483647;
			files = (
			);
			runOnlyForDeploymentPostprocessing = 0;
		};
		B0A944B4965D8DE31F2DE6E5 /* Frameworks */ = {
			isa = PBXFrameworksBuildPhase;
			buildActionMask = 2147483647;
			files = (
			);
			runOnlyForDeploymentPostprocessing = 0;
		};
		E5C9BFD27BC70541CE342C44 /* Frameworks */ = {
			isa = PBXFrameworksBuildPhase;
			buildActionMask = 2147483647;
			files = (
			);
			runOnlyForDeploymentPostprocessing = 0;
		};
/* End PBXFrameworksBuildPhase section */

/* Begin PBXGroup section */
		1684FCCE265BD77086C0208B /* Mocks */ = {
			isa = PBXGroup;
			children = (
				837094E384F1808BA9522247 /* Mcok.swift */,
			);
			path = Mocks;
			sourceTree = "<group>";
		};
		24320E4C6A38A24DF9B36D0F /* Project */ = {
			isa = PBXGroup;
			children = (
				73CF887B7A01329702278BF1 /* Derived */,
				ACD1A460E633FB42ADBC4375 /* ExampleApp */,
				1684FCCE265BD77086C0208B /* Mocks */,
				B6BD94245AA368154A4BADCC /* MyLibraryAPI2 */,
				4281053845155ECDBDFA94F3 /* MyLibraryTwo */,
				8A91FA0B17FFE1F802FE4A8A /* Tests */,
			);
			name = Project;
			sourceTree = "<group>";
		};
		399172B0E4E7A45008ED3305 /* InfoPlists */ = {
			isa = PBXGroup;
			children = (
				44E5AF8AB96DB814CA356182 /* MyLibraryAPI2-Info.plist */,
				5774A8128387CA9C649C17B5 /* MyLibraryExampleApp2-Info.plist */,
				10D3463802ED5BE1F3FF3DE5 /* MyLibraryMocks2-Info.plist */,
				9B1B308E67FDD722C12174BD /* MyLibraryTests2-Info.plist */,
			);
			path = InfoPlists;
			sourceTree = "<group>";
		};
		4281053845155ECDBDFA94F3 /* MyLibraryTwo */ = {
			isa = PBXGroup;
			children = (
				1C8CDDA0705A6C1CCCFF23A7 /* MyLibrary.swift */,
				486A8EA87C2D018CB69C076D /* Test.swift */,
			);
			path = MyLibraryTwo;
			sourceTree = "<group>";
		};
		5598A130135F479102C95F12 /* Products */ = {
			isa = PBXGroup;
			children = (
				A05182163B70C166B655F088 /* libMyLibraryTwo.a */,
				C94E5E2A8E10AAC4A9A4FFBF /* MyLibraryAPI.framework */,
				25984E9C7C42221D4589FBA6 /* MyLibraryAPI2.framework */,
				D8DBB216B01A04A0CABE9A5F /* MyLibraryExampleApp2.app */,
				DE1804EE30C76F37FDEE6D13 /* MyLibraryMocks2.xctest */,
				271168B96F02EFC0E53FC448 /* MyLibraryTests2.xctest */,
			);
			name = Products;
			sourceTree = "<group>";
		};
		73CF887B7A01329702278BF1 /* Derived */ = {
			isa = PBXGroup;
			children = (
				399172B0E4E7A45008ED3305 /* InfoPlists */,
			);
			path = Derived;
			sourceTree = "<group>";
		};
		8A91FA0B17FFE1F802FE4A8A /* Tests */ = {
			isa = PBXGroup;
			children = (
				887B8AE99FC9AE0312B48FD9 /* Test.swift */,
			);
			path = Tests;
			sourceTree = "<group>";
		};
		ACD1A460E633FB42ADBC4375 /* ExampleApp */ = {
			isa = PBXGroup;
			children = (
				0358006C67E33E38AE5FD0BB /* ContentView.swift */,
				BFBE5C9A9D1AAA1FABB838EF /* ExampleAppApp.swift */,
			);
			path = ExampleApp;
			sourceTree = "<group>";
		};
		B6BD94245AA368154A4BADCC /* MyLibraryAPI2 */ = {
			isa = PBXGroup;
			children = (
				45A0DFD717EB4D846B527E2A /* test.swift */,
			);
			path = MyLibraryAPI2;
			sourceTree = "<group>";
		};
		CD987F53BB85578ECF30A618 /* Cache */ = {
			isa = PBXGroup;
			children = (
				391819563DD94606D6EB853B /* Alamofire.xcframework */,
			);
			name = Cache;
			sourceTree = "<group>";
		};
		D90F5B4C6936F61BA23F7976 = {
			isa = PBXGroup;
			children = (
				24320E4C6A38A24DF9B36D0F /* Project */,
				5598A130135F479102C95F12 /* Products */,
				CD987F53BB85578ECF30A618 /* Cache */,
			);
			sourceTree = "<group>";
		};
/* End PBXGroup section */

/* Begin PBXNativeTarget section */
		590CC419C808A8490AA02A13 /* MyLibraryExampleApp2 */ = {
			isa = PBXNativeTarget;
			buildConfigurationList = EC214DFBC54CBA5031201E88 /* Build configuration list for PBXNativeTarget "MyLibraryExampleApp2" */;
			buildPhases = (
				74E9C6A4BDFD4245172C9A67 /* Sources */,
				E3AD95301625D11704B6B1B7 /* Resources */,
				6DBC01DF857DBE94190D34B9 /* Frameworks */,
				B51942353C89D365EB756953 /* Embed Frameworks */,
			);
			buildRules = (
			);
			dependencies = (
			);
			name = MyLibraryExampleApp2;
			packageProductDependencies = (
			);
			productName = MyLibraryExampleApp2;
			productReference = D8DBB216B01A04A0CABE9A5F /* MyLibraryExampleApp2.app */;
			productType = "com.apple.product-type.application";
		};
		5CCFA60A6CF4D901E6D46CAF /* MyLibraryTwo */ = {
			isa = PBXNativeTarget;
			buildConfigurationList = D1529D3BCB6F7A01E13D70FA /* Build configuration list for PBXNativeTarget "MyLibraryTwo" */;
			buildPhases = (
				8997A4CF183F240CE9ABAA52 /* Sources */,
				4E4037A0288BF37C259BC158 /* Resources */,
				2B8EE8C9C84E069F515FBC74 /* Frameworks */,
				E6B795E23FB6513D631B68C0 /* Embed Frameworks */,
				AFC24899CF73445F8C5B97D9 /* Dependencies */,
				08EA7D2E479BFF66236DCD27 /* Static XCFramework Dependencies */,
			);
			buildRules = (
			);
			dependencies = (
				B860B76AFAE982432DF74D5F /* PBXTargetDependency */,
			);
			name = MyLibraryTwo;
			packageProductDependencies = (
			);
			productName = MyLibraryTwo;
			productReference = A05182163B70C166B655F088 /* libMyLibraryTwo.a */;
			productType = "com.apple.product-type.library.static";
		};
		87782AF0EC6A0F011581B69B /* MyLibraryAPI2 */ = {
			isa = PBXNativeTarget;
			buildConfigurationList = E909F2FF113BE32EFC7F18A0 /* Build configuration list for PBXNativeTarget "MyLibraryAPI2" */;
			buildPhases = (
				32154628199C6D8282AECE41 /* Sources */,
				A13A8C422C13E5E4D669FB92 /* Resources */,
				B0A944B4965D8DE31F2DE6E5 /* Frameworks */,
				B0D5407246533F39B3882DC5 /* Embed Frameworks */,
			);
			buildRules = (
			);
			dependencies = (
			);
			name = MyLibraryAPI2;
			packageProductDependencies = (
			);
			productName = MyLibraryAPI2;
			productReference = 25984E9C7C42221D4589FBA6 /* MyLibraryAPI2.framework */;
			productType = "com.apple.product-type.framework";
		};
		E4FE9EB183B55E3D4FD74AC6 /* MyLibraryMocks2 */ = {
			isa = PBXNativeTarget;
			buildConfigurationList = 8E78A552D15B92FD00DCD9D2 /* Build configuration list for PBXNativeTarget "MyLibraryMocks2" */;
			buildPhases = (
				A3C076B016DA1EB4EBDDE66C /* Sources */,
				804C8D6A491A166D262AB801 /* Resources */,
				E5C9BFD27BC70541CE342C44 /* Frameworks */,
				559B0D0DAEFF90002E40EA61 /* Embed Frameworks */,
			);
			buildRules = (
			);
			dependencies = (
			);
			name = MyLibraryMocks2;
			packageProductDependencies = (
			);
			productName = MyLibraryMocks2;
			productReference = DE1804EE30C76F37FDEE6D13 /* MyLibraryMocks2.xctest */;
			productType = "com.apple.product-type.bundle.unit-test";
		};
		EE1D3F4509143745C186242A /* MyLibraryTests2 */ = {
			isa = PBXNativeTarget;
			buildConfigurationList = 1735E609EF2A0D844308E9C5 /* Build configuration list for PBXNativeTarget "MyLibraryTests2" */;
			buildPhases = (
				4D786BA07853A724B4A11117 /* Sources */,
				72884FF348BC1904C92B4531 /* Resources */,
				984FAE1F636FE23EA54A9190 /* Frameworks */,
				132BD44CFCC236AE500F84E2 /* Embed Frameworks */,
			);
			buildRules = (
			);
			dependencies = (
			);
			name = MyLibraryTests2;
			packageProductDependencies = (
			);
			productName = MyLibraryTests2;
			productReference = 271168B96F02EFC0E53FC448 /* MyLibraryTests2.xctest */;
			productType = "com.apple.product-type.bundle.unit-test";
		};
/* End PBXNativeTarget section */

/* Begin PBXProject section */
		C6A255F772054D9344BC5686 /* Project object */ = {
			isa = PBXProject;
			attributes = {
				BuildIndependentTargetsInParallel = YES;
			};
			buildConfigurationList = 32CC9D86B9D8162DAAA33611 /* Build configuration list for PBXProject "MyLibrary2" */;
			compatibilityVersion = "Xcode 14.0";
			developmentRegion = en;
			hasScannedForEncodings = 0;
			knownRegions = (
				Base,
				en,
			);
			mainGroup = D90F5B4C6936F61BA23F7976;
			productRefGroup = 5598A130135F479102C95F12 /* Products */;
			projectDirPath = "";
			projectRoot = "";
			targets = (
				87782AF0EC6A0F011581B69B /* MyLibraryAPI2 */,
				590CC419C808A8490AA02A13 /* MyLibraryExampleApp2 */,
				E4FE9EB183B55E3D4FD74AC6 /* MyLibraryMocks2 */,
				EE1D3F4509143745C186242A /* MyLibraryTests2 */,
				5CCFA60A6CF4D901E6D46CAF /* MyLibraryTwo */,
			);
		};
/* End PBXProject section */

/* Begin PBXResourcesBuildPhase section */
		4E4037A0288BF37C259BC158 /* Resources */ = {
			isa = PBXResourcesBuildPhase;
			buildActionMask = 2147483647;
			files = (
			);
			runOnlyForDeploymentPostprocessing = 0;
		};
		72884FF348BC1904C92B4531 /* Resources */ = {
			isa = PBXResourcesBuildPhase;
			buildActionMask = 2147483647;
			files = (
			);
			runOnlyForDeploymentPostprocessing = 0;
		};
		804C8D6A491A166D262AB801 /* Resources */ = {
			isa = PBXResourcesBuildPhase;
			buildActionMask = 2147483647;
			files = (
			);
			runOnlyForDeploymentPostprocessing = 0;
		};
		A13A8C422C13E5E4D669FB92 /* Resources */ = {
			isa = PBXResourcesBuildPhase;
			buildActionMask = 2147483647;
			files = (
			);
			runOnlyForDeploymentPostprocessing = 0;
		};
		E3AD95301625D11704B6B1B7 /* Resources */ = {
			isa = PBXResourcesBuildPhase;
			buildActionMask = 2147483647;
			files = (
			);
			runOnlyForDeploymentPostprocessing = 0;
		};
/* End PBXResourcesBuildPhase section */

/* Begin PBXSourcesBuildPhase section */
		32154628199C6D8282AECE41 /* Sources */ = {
			isa = PBXSourcesBuildPhase;
			buildActionMask = 2147483647;
			files = (
				0C4B85D8D234089F41AF44BA /* test.swift in Sources */,
			);
			runOnlyForDeploymentPostprocessing = 0;
		};
		4D786BA07853A724B4A11117 /* Sources */ = {
			isa = PBXSourcesBuildPhase;
			buildActionMask = 2147483647;
			files = (
				9364AC89D1DA9F75F265D4D8 /* Test.swift in Sources */,
			);
			runOnlyForDeploymentPostprocessing = 0;
		};
		74E9C6A4BDFD4245172C9A67 /* Sources */ = {
			isa = PBXSourcesBuildPhase;
			buildActionMask = 2147483647;
			files = (
				4010B1D6F78F378E373C91CF /* ContentView.swift in Sources */,
				CEA9972CEC058456B43DB8FA /* ExampleAppApp.swift in Sources */,
			);
			runOnlyForDeploymentPostprocessing = 0;
		};
		8997A4CF183F240CE9ABAA52 /* Sources */ = {
			isa = PBXSourcesBuildPhase;
			buildActionMask = 2147483647;
			files = (
				E6C13720F98E0B3CB329D6B2 /* MyLibrary.swift in Sources */,
				A328E723F606B6162F1A61B2 /* Test.swift in Sources */,
			);
			runOnlyForDeploymentPostprocessing = 0;
		};
		A3C076B016DA1EB4EBDDE66C /* Sources */ = {
			isa = PBXSourcesBuildPhase;
			buildActionMask = 2147483647;
			files = (
				EC29E7A5154886C6C53D04E6 /* Mcok.swift in Sources */,
			);
			runOnlyForDeploymentPostprocessing = 0;
		};
/* End PBXSourcesBuildPhase section */

/* Begin PBXTargetDependency section */
		B860B76AFAE982432DF74D5F /* PBXTargetDependency */ = {
			isa = PBXTargetDependency;
			name = MyLibraryAPI2;
			target = 87782AF0EC6A0F011581B69B /* MyLibraryAPI2 */;
			targetProxy = 59ABE75E50090E3C28A4A0A2 /* PBXContainerItemProxy */;
		};
/* End PBXTargetDependency section */

/* Begin XCBuildConfiguration section */
		21B152257BF014E14140BB5D /* Release */ = {
			isa = XCBuildConfiguration;
			buildSettings = {
				CODE_SIGN_IDENTITY = "";
				CURRENT_PROJECT_VERSION = 1;
				DEFINES_MODULE = YES;
				DYLIB_COMPATIBILITY_VERSION = 1;
				DYLIB_CURRENT_VERSION = 1;
				DYLIB_INSTALL_NAME_BASE = "@rpath";
				INFOPLIST_FILE = "Derived/InfoPlists/MyLibraryAPI2-Info.plist";
				INSTALL_PATH = "$(LOCAL_LIBRARY_DIR)/Frameworks";
				LD_RUNPATH_SEARCH_PATHS = (
					"$(inherited)",
					"@executable_path/Frameworks",
					"@loader_path/Frameworks",
				);
				MACH_O_TYPE = staticlib;
				PRODUCT_BUNDLE_IDENTIFIER = "";
				PRODUCT_NAME = MyLibraryAPI2;
				SDKROOT = iphoneos;
				SKIP_INSTALL = YES;
				SUPPORTS_MACCATALYST = NO;
				SUPPORTS_MAC_DESIGNED_FOR_IPHONE_IPAD = YES;
				SUPPORTS_XR_DESIGNED_FOR_IPHONE_IPAD = NO;
				SWIFT_COMPILATION_MODE = wholemodule;
				SWIFT_OPTIMIZATION_LEVEL = "-Owholemodule";
				SWIFT_VERSION = 5.0;
				TARGETED_DEVICE_FAMILY = "1,2";
				VERSIONING_SYSTEM = "apple-generic";
				VERSION_INFO_PREFIX = "";
			};
			name = Release;
		};
		518EAEE04E0EB353A391E3E2 /* Debug */ = {
			isa = XCBuildConfiguration;
			buildSettings = {
				CODE_SIGN_IDENTITY = "iPhone Developer";
				INFOPLIST_FILE = "Derived/InfoPlists/MyLibraryMocks2-Info.plist";
				LD_RUNPATH_SEARCH_PATHS = (
					"$(inherited)",
					"@executable_path/Frameworks",
					"@loader_path/Frameworks",
				);
				PRODUCT_BUNDLE_IDENTIFIER = "";
				PRODUCT_NAME = MyLibraryMocks2;
				SDKROOT = iphoneos;
				SUPPORTS_MACCATALYST = NO;
				SUPPORTS_MAC_DESIGNED_FOR_IPHONE_IPAD = YES;
				SUPPORTS_XR_DESIGNED_FOR_IPHONE_IPAD = NO;
				SWIFT_ACTIVE_COMPILATION_CONDITIONS = (
					"$(inherited)",
					DEBUG,
				);
				SWIFT_COMPILATION_MODE = singlefile;
				SWIFT_OPTIMIZATION_LEVEL = "-Onone";
				SWIFT_VERSION = 5.0;
				TARGETED_DEVICE_FAMILY = "1,2";
			};
			name = Debug;
		};
		6741140D2FF432E6A85ED1E9 /* Release */ = {
			isa = XCBuildConfiguration;
			buildSettings = {
				ALWAYS_SEARCH_USER_PATHS = NO;
				CLANG_ANALYZER_LOCALIZABILITY_NONLOCALIZED = YES;
				CLANG_ANALYZER_NONNULL = YES;
				CLANG_ANALYZER_NUMBER_OBJECT_CONVERSION = YES_AGGRESSIVE;
				CLANG_CXX_LANGUAGE_STANDARD = "gnu++14";
				CLANG_CXX_LIBRARY = "libc++";
				CLANG_ENABLE_MODULES = YES;
				CLANG_ENABLE_OBJC_ARC = YES;
				CLANG_ENABLE_OBJC_WEAK = YES;
				CLANG_WARN_BLOCK_CAPTURE_AUTORELEASING = YES;
				CLANG_WARN_BOOL_CONVERSION = YES;
				CLANG_WARN_COMMA = YES;
				CLANG_WARN_CONSTANT_CONVERSION = YES;
				CLANG_WARN_DEPRECATED_OBJC_IMPLEMENTATIONS = YES;
				CLANG_WARN_DIRECT_OBJC_ISA_USAGE = YES_ERROR;
				CLANG_WARN_DOCUMENTATION_COMMENTS = YES;
				CLANG_WARN_EMPTY_BODY = YES;
				CLANG_WARN_ENUM_CONVERSION = YES;
				CLANG_WARN_INFINITE_RECURSION = YES;
				CLANG_WARN_INT_CONVERSION = YES;
				CLANG_WARN_NON_LITERAL_NULL_CONVERSION = YES;
				CLANG_WARN_OBJC_IMPLICIT_RETAIN_SELF = YES;
				CLANG_WARN_OBJC_LITERAL_CONVERSION = YES;
				CLANG_WARN_OBJC_ROOT_CLASS = YES_ERROR;
				CLANG_WARN_QUOTED_INCLUDE_IN_FRAMEWORK_HEADER = YES;
				CLANG_WARN_RANGE_LOOP_ANALYSIS = YES;
				CLANG_WARN_STRICT_PROTOTYPES = YES;
				CLANG_WARN_SUSPICIOUS_MOVE = YES;
				CLANG_WARN_UNGUARDED_AVAILABILITY = YES_AGGRESSIVE;
				CLANG_WARN_UNREACHABLE_CODE = YES;
				CLANG_WARN__DUPLICATE_METHOD_MATCH = YES;
				COPY_PHASE_STRIP = NO;
				DEAD_CODE_STRIPPING = YES;
				DEBUG_INFORMATION_FORMAT = "dwarf-with-dsym";
				ENABLE_NS_ASSERTIONS = NO;
				ENABLE_STRICT_OBJC_MSGSEND = YES;
				GCC_C_LANGUAGE_STANDARD = gnu11;
				GCC_NO_COMMON_BLOCKS = YES;
				GCC_WARN_64_TO_32_BIT_CONVERSION = YES;
				GCC_WARN_ABOUT_RETURN_TYPE = YES_ERROR;
				GCC_WARN_UNDECLARED_SELECTOR = YES;
				GCC_WARN_UNINITIALIZED_AUTOS = YES_AGGRESSIVE;
				GCC_WARN_UNUSED_FUNCTION = YES;
				GCC_WARN_UNUSED_VARIABLE = YES;
				MTL_ENABLE_DEBUG_INFO = NO;
				PRODUCT_NAME = "$(TARGET_NAME)";
				VALIDATE_PRODUCT = YES;
			};
			name = Release;
		};
		715E275A578E4C0EBE78085C /* Release */ = {
			isa = XCBuildConfiguration;
			buildSettings = {
				CODE_SIGN_IDENTITY = "iPhone Developer";
				INFOPLIST_FILE = "Derived/InfoPlists/MyLibraryTests2-Info.plist";
				LD_RUNPATH_SEARCH_PATHS = (
					"$(inherited)",
					"@executable_path/Frameworks",
					"@loader_path/Frameworks",
				);
				PRODUCT_BUNDLE_IDENTIFIER = "";
				PRODUCT_NAME = MyLibraryTests2;
				SDKROOT = iphoneos;
				SUPPORTS_MACCATALYST = NO;
				SUPPORTS_MAC_DESIGNED_FOR_IPHONE_IPAD = YES;
				SUPPORTS_XR_DESIGNED_FOR_IPHONE_IPAD = NO;
				SWIFT_COMPILATION_MODE = wholemodule;
				SWIFT_OPTIMIZATION_LEVEL = "-Owholemodule";
				SWIFT_VERSION = 5.0;
				TARGETED_DEVICE_FAMILY = "1,2";
			};
			name = Release;
		};
		7832996F5D8E10CB1EDC4C0C /* Debug */ = {
			isa = XCBuildConfiguration;
			buildSettings = {
				ALWAYS_SEARCH_USER_PATHS = NO;
				CLANG_ANALYZER_LOCALIZABILITY_NONLOCALIZED = YES;
				CLANG_ANALYZER_NONNULL = YES;
				CLANG_ANALYZER_NUMBER_OBJECT_CONVERSION = YES_AGGRESSIVE;
				CLANG_CXX_LANGUAGE_STANDARD = "gnu++14";
				CLANG_CXX_LIBRARY = "libc++";
				CLANG_ENABLE_MODULES = YES;
				CLANG_ENABLE_OBJC_ARC = YES;
				CLANG_ENABLE_OBJC_WEAK = YES;
				CLANG_WARN_BLOCK_CAPTURE_AUTORELEASING = YES;
				CLANG_WARN_BOOL_CONVERSION = YES;
				CLANG_WARN_COMMA = YES;
				CLANG_WARN_CONSTANT_CONVERSION = YES;
				CLANG_WARN_DEPRECATED_OBJC_IMPLEMENTATIONS = YES;
				CLANG_WARN_DIRECT_OBJC_ISA_USAGE = YES_ERROR;
				CLANG_WARN_DOCUMENTATION_COMMENTS = YES;
				CLANG_WARN_EMPTY_BODY = YES;
				CLANG_WARN_ENUM_CONVERSION = YES;
				CLANG_WARN_INFINITE_RECURSION = YES;
				CLANG_WARN_INT_CONVERSION = YES;
				CLANG_WARN_NON_LITERAL_NULL_CONVERSION = YES;
				CLANG_WARN_OBJC_IMPLICIT_RETAIN_SELF = YES;
				CLANG_WARN_OBJC_LITERAL_CONVERSION = YES;
				CLANG_WARN_OBJC_ROOT_CLASS = YES_ERROR;
				CLANG_WARN_QUOTED_INCLUDE_IN_FRAMEWORK_HEADER = YES;
				CLANG_WARN_RANGE_LOOP_ANALYSIS = YES;
				CLANG_WARN_STRICT_PROTOTYPES = YES;
				CLANG_WARN_SUSPICIOUS_MOVE = YES;
				CLANG_WARN_UNGUARDED_AVAILABILITY = YES_AGGRESSIVE;
				CLANG_WARN_UNREACHABLE_CODE = YES;
				CLANG_WARN__DUPLICATE_METHOD_MATCH = YES;
				COPY_PHASE_STRIP = NO;
				DEAD_CODE_STRIPPING = YES;
				DEBUG_INFORMATION_FORMAT = dwarf;
				ENABLE_STRICT_OBJC_MSGSEND = YES;
				ENABLE_TESTABILITY = YES;
				GCC_C_LANGUAGE_STANDARD = gnu11;
				GCC_DYNAMIC_NO_PIC = NO;
				GCC_NO_COMMON_BLOCKS = YES;
				GCC_OPTIMIZATION_LEVEL = 0;
				GCC_PREPROCESSOR_DEFINITIONS = (
					"DEBUG=1",
					"$(inherited)",
				);
				GCC_WARN_64_TO_32_BIT_CONVERSION = YES;
				GCC_WARN_ABOUT_RETURN_TYPE = YES_ERROR;
				GCC_WARN_UNDECLARED_SELECTOR = YES;
				GCC_WARN_UNINITIALIZED_AUTOS = YES_AGGRESSIVE;
				GCC_WARN_UNUSED_FUNCTION = YES;
				GCC_WARN_UNUSED_VARIABLE = YES;
				MTL_ENABLE_DEBUG_INFO = YES;
				ONLY_ACTIVE_ARCH = YES;
				PRODUCT_NAME = "$(TARGET_NAME)";
			};
			name = Debug;
		};
		8E4B4B49E67A26FA143745E9 /* Debug */ = {
			isa = XCBuildConfiguration;
			buildSettings = {
				CODE_SIGN_IDENTITY = "iPhone Developer";
				OTHER_LDFLAGS = "-ObjC";
				PRODUCT_BUNDLE_IDENTIFIER = "";
				PRODUCT_NAME = MyLibraryTwo;
				SDKROOT = iphoneos;
				SKIP_INSTALL = YES;
				SUPPORTS_MACCATALYST = NO;
				SUPPORTS_MAC_DESIGNED_FOR_IPHONE_IPAD = YES;
				SUPPORTS_XR_DESIGNED_FOR_IPHONE_IPAD = NO;
				SWIFT_ACTIVE_COMPILATION_CONDITIONS = (
					"$(inherited)",
					DEBUG,
				);
				SWIFT_COMPILATION_MODE = singlefile;
				SWIFT_OPTIMIZATION_LEVEL = "-Onone";
				SWIFT_VERSION = 5.0;
				TARGETED_DEVICE_FAMILY = "1,2";
			};
			name = Debug;
		};
		A588ABFC3AED324C4BCB3E50 /* Release */ = {
			isa = XCBuildConfiguration;
			buildSettings = {
				CODE_SIGN_IDENTITY = "iPhone Developer";
				INFOPLIST_FILE = "Derived/InfoPlists/MyLibraryMocks2-Info.plist";
				LD_RUNPATH_SEARCH_PATHS = (
					"$(inherited)",
					"@executable_path/Frameworks",
					"@loader_path/Frameworks",
				);
				PRODUCT_BUNDLE_IDENTIFIER = "";
				PRODUCT_NAME = MyLibraryMocks2;
				SDKROOT = iphoneos;
				SUPPORTS_MACCATALYST = NO;
				SUPPORTS_MAC_DESIGNED_FOR_IPHONE_IPAD = YES;
				SUPPORTS_XR_DESIGNED_FOR_IPHONE_IPAD = NO;
				SWIFT_COMPILATION_MODE = wholemodule;
				SWIFT_OPTIMIZATION_LEVEL = "-Owholemodule";
				SWIFT_VERSION = 5.0;
				TARGETED_DEVICE_FAMILY = "1,2";
			};
			name = Release;
		};
		B90628B98F11B8A4CD4A1387 /* Debug */ = {
			isa = XCBuildConfiguration;
			buildSettings = {
				CODE_SIGN_IDENTITY = "iPhone Developer";
				INFOPLIST_FILE = "Derived/InfoPlists/MyLibraryTests2-Info.plist";
				LD_RUNPATH_SEARCH_PATHS = (
					"$(inherited)",
					"@executable_path/Frameworks",
					"@loader_path/Frameworks",
				);
				PRODUCT_BUNDLE_IDENTIFIER = "";
				PRODUCT_NAME = MyLibraryTests2;
				SDKROOT = iphoneos;
				SUPPORTS_MACCATALYST = NO;
				SUPPORTS_MAC_DESIGNED_FOR_IPHONE_IPAD = YES;
				SUPPORTS_XR_DESIGNED_FOR_IPHONE_IPAD = NO;
				SWIFT_ACTIVE_COMPILATION_CONDITIONS = (
					"$(inherited)",
					DEBUG,
				);
				SWIFT_COMPILATION_MODE = singlefile;
				SWIFT_OPTIMIZATION_LEVEL = "-Onone";
				SWIFT_VERSION = 5.0;
				TARGETED_DEVICE_FAMILY = "1,2";
			};
			name = Debug;
		};
		CAE2A2D4C4A1B6E425C77827 /* Release */ = {
			isa = XCBuildConfiguration;
			buildSettings = {
				CODE_SIGN_IDENTITY = "iPhone Developer";
				OTHER_LDFLAGS = "-ObjC";
				PRODUCT_BUNDLE_IDENTIFIER = "";
				PRODUCT_NAME = MyLibraryTwo;
				SDKROOT = iphoneos;
				SKIP_INSTALL = YES;
				SUPPORTS_MACCATALYST = NO;
				SUPPORTS_MAC_DESIGNED_FOR_IPHONE_IPAD = YES;
				SUPPORTS_XR_DESIGNED_FOR_IPHONE_IPAD = NO;
				SWIFT_COMPILATION_MODE = wholemodule;
				SWIFT_OPTIMIZATION_LEVEL = "-Owholemodule";
				SWIFT_VERSION = 5.0;
				TARGETED_DEVICE_FAMILY = "1,2";
			};
			name = Release;
		};
		CD6194248B9AECED64892DE6 /* Release */ = {
			isa = XCBuildConfiguration;
			buildSettings = {
				ASSETCATALOG_COMPILER_APPICON_NAME = AppIcon;
				CODE_SIGN_IDENTITY = "iPhone Developer";
				ENABLE_PREVIEWS = YES;
				INFOPLIST_FILE = "Derived/InfoPlists/MyLibraryExampleApp2-Info.plist";
				LD_RUNPATH_SEARCH_PATHS = (
					"$(inherited)",
					"@executable_path/Frameworks",
				);
				PRODUCT_BUNDLE_IDENTIFIER = com.random.example;
				PRODUCT_NAME = MyLibraryExampleApp2;
				SDKROOT = iphoneos;
				SUPPORTS_MACCATALYST = NO;
				SUPPORTS_MAC_DESIGNED_FOR_IPHONE_IPAD = YES;
				SUPPORTS_XR_DESIGNED_FOR_IPHONE_IPAD = NO;
				SWIFT_COMPILATION_MODE = wholemodule;
				SWIFT_OPTIMIZATION_LEVEL = "-Owholemodule";
				SWIFT_VERSION = 5.0;
				TARGETED_DEVICE_FAMILY = "1,2";
			};
			name = Release;
		};
		E7EF522E4A5587568AFE394E /* Debug */ = {
			isa = XCBuildConfiguration;
			buildSettings = {
				CODE_SIGN_IDENTITY = "";
				CURRENT_PROJECT_VERSION = 1;
				DEFINES_MODULE = YES;
				DYLIB_COMPATIBILITY_VERSION = 1;
				DYLIB_CURRENT_VERSION = 1;
				DYLIB_INSTALL_NAME_BASE = "@rpath";
				INFOPLIST_FILE = "Derived/InfoPlists/MyLibraryAPI2-Info.plist";
				INSTALL_PATH = "$(LOCAL_LIBRARY_DIR)/Frameworks";
				LD_RUNPATH_SEARCH_PATHS = (
					"$(inherited)",
					"@executable_path/Frameworks",
					"@loader_path/Frameworks",
				);
				MACH_O_TYPE = staticlib;
				PRODUCT_BUNDLE_IDENTIFIER = "";
				PRODUCT_NAME = MyLibraryAPI2;
				SDKROOT = iphoneos;
				SKIP_INSTALL = YES;
				SUPPORTS_MACCATALYST = NO;
				SUPPORTS_MAC_DESIGNED_FOR_IPHONE_IPAD = YES;
				SUPPORTS_XR_DESIGNED_FOR_IPHONE_IPAD = NO;
				SWIFT_ACTIVE_COMPILATION_CONDITIONS = (
					"$(inherited)",
					DEBUG,
				);
				SWIFT_COMPILATION_MODE = singlefile;
				SWIFT_OPTIMIZATION_LEVEL = "-Onone";
				SWIFT_VERSION = 5.0;
				TARGETED_DEVICE_FAMILY = "1,2";
				VERSIONING_SYSTEM = "apple-generic";
				VERSION_INFO_PREFIX = "";
			};
			name = Debug;
		};
		EA470AFCCA986561D8DB0233 /* Debug */ = {
			isa = XCBuildConfiguration;
			buildSettings = {
				ASSETCATALOG_COMPILER_APPICON_NAME = AppIcon;
				CODE_SIGN_IDENTITY = "iPhone Developer";
				ENABLE_PREVIEWS = YES;
				INFOPLIST_FILE = "Derived/InfoPlists/MyLibraryExampleApp2-Info.plist";
				LD_RUNPATH_SEARCH_PATHS = (
					"$(inherited)",
					"@executable_path/Frameworks",
				);
				PRODUCT_BUNDLE_IDENTIFIER = com.random.example;
				PRODUCT_NAME = MyLibraryExampleApp2;
				SDKROOT = iphoneos;
				SUPPORTS_MACCATALYST = NO;
				SUPPORTS_MAC_DESIGNED_FOR_IPHONE_IPAD = YES;
				SUPPORTS_XR_DESIGNED_FOR_IPHONE_IPAD = NO;
				SWIFT_ACTIVE_COMPILATION_CONDITIONS = (
					"$(inherited)",
					DEBUG,
				);
				SWIFT_COMPILATION_MODE = singlefile;
				SWIFT_OPTIMIZATION_LEVEL = "-Onone";
				SWIFT_VERSION = 5.0;
				TARGETED_DEVICE_FAMILY = "1,2";
			};
			name = Debug;
		};
/* End XCBuildConfiguration section */

/* Begin XCConfigurationList section */
		1735E609EF2A0D844308E9C5 /* Build configuration list for PBXNativeTarget "MyLibraryTests2" */ = {
			isa = XCConfigurationList;
			buildConfigurations = (
				B90628B98F11B8A4CD4A1387 /* Debug */,
				715E275A578E4C0EBE78085C /* Release */,
			);
			defaultConfigurationIsVisible = 0;
			defaultConfigurationName = Release;
		};
		32CC9D86B9D8162DAAA33611 /* Build configuration list for PBXProject "MyLibrary2" */ = {
			isa = XCConfigurationList;
			buildConfigurations = (
				7832996F5D8E10CB1EDC4C0C /* Debug */,
				6741140D2FF432E6A85ED1E9 /* Release */,
			);
			defaultConfigurationIsVisible = 0;
			defaultConfigurationName = Release;
		};
		8E78A552D15B92FD00DCD9D2 /* Build configuration list for PBXNativeTarget "MyLibraryMocks2" */ = {
			isa = XCConfigurationList;
			buildConfigurations = (
				518EAEE04E0EB353A391E3E2 /* Debug */,
				A588ABFC3AED324C4BCB3E50 /* Release */,
			);
			defaultConfigurationIsVisible = 0;
			defaultConfigurationName = Release;
		};
		D1529D3BCB6F7A01E13D70FA /* Build configuration list for PBXNativeTarget "MyLibraryTwo" */ = {
			isa = XCConfigurationList;
			buildConfigurations = (
				8E4B4B49E67A26FA143745E9 /* Debug */,
				CAE2A2D4C4A1B6E425C77827 /* Release */,
			);
			defaultConfigurationIsVisible = 0;
			defaultConfigurationName = Release;
		};
		E909F2FF113BE32EFC7F18A0 /* Build configuration list for PBXNativeTarget "MyLibraryAPI2" */ = {
			isa = XCConfigurationList;
			buildConfigurations = (
				E7EF522E4A5587568AFE394E /* Debug */,
				21B152257BF014E14140BB5D /* Release */,
			);
			defaultConfigurationIsVisible = 0;
			defaultConfigurationName = Release;
		};
		EC214DFBC54CBA5031201E88 /* Build configuration list for PBXNativeTarget "MyLibraryExampleApp2" */ = {
			isa = XCConfigurationList;
			buildConfigurations = (
				EA470AFCCA986561D8DB0233 /* Debug */,
				CD6194248B9AECED64892DE6 /* Release */,
			);
			defaultConfigurationIsVisible = 0;
			defaultConfigurationName = Release;
		};
/* End XCConfigurationList section */
	};
	rootObject = C6A255F772054D9344BC5686 /* Project object */;
}
