<?xml version="1.0" encoding="UTF-8"?>
<Scheme
   LastUpgradeVersion = "1010"
   version = "1.3">
   <BuildAction
      parallelizeBuildables = "YES"
      buildImplicitDependencies = "YES">
      <BuildActionEntries>
         <BuildActionEntry
            buildForTesting = "YES"
            buildForRunning = "YES"
            buildForProfiling = "YES"
            buildForArchiving = "YES"
            buildForAnalyzing = "YES">
            <BuildableReference
               BuildableIdentifier = "primary"
               BlueprintIdentifier = "AB95161442604BF63F61B8A3"
               BuildableName = "KekExampleApp.app"
               BlueprintName = "KekExampleApp"
               ReferencedContainer = "container:../MyLibrary/MyLibrary.xcodeproj">
            </BuildableReference>
         </BuildActionEntry>
         <BuildActionEntry
            buildForTesting = "YES"
            buildForRunning = "YES"
            buildForProfiling = "YES"
            buildForArchiving = "YES"
            buildForAnalyzing = "YES">
            <BuildableReference
               BuildableIdentifier = "primary"
               BlueprintIdentifier = "6DCB55F6E1887BF1D9AC05E5"
               BuildableName = "libMyLibrary.a"
               BlueprintName = "MyLibrary"
               ReferencedContainer = "container:../MyLibrary/MyLibrary.xcodeproj">
            </BuildableReference>
         </BuildActionEntry>
         <BuildActionEntry
            buildForTesting = "YES"
            buildForRunning = "YES"
            buildForProfiling = "YES"
            buildForArchiving = "YES"
            buildForAnalyzing = "YES">
            <BuildableReference
               BuildableIdentifier = "primary"
               BlueprintIdentifier = "07FFCFB3E4582BA0FB6A25C6"
               BuildableName = "libMyLibrary2.a"
               BlueprintName = "MyLibrary2"
               ReferencedContainer = "container:MyLibrary2.xcodeproj">
            </BuildableReference>
         </BuildActionEntry>
         <BuildActionEntry
            buildForTesting = "YES"
            buildForRunning = "YES"
            buildForProfiling = "YES"
            buildForArchiving = "YES"
            buildForAnalyzing = "YES">
            <BuildableReference
               BuildableIdentifier = "primary"
               BlueprintIdentifier = "83CFD12DCCB0B52DAB534861"
               BuildableName = "MyLibraryAPI.framework"
               BlueprintName = "MyLibraryAPI"
               ReferencedContainer = "container:../MyLibrary/MyLibrary.xcodeproj">
            </BuildableReference>
         </BuildActionEntry>
         <BuildActionEntry
            buildForTesting = "YES"
            buildForRunning = "YES"
            buildForProfiling = "YES"
            buildForArchiving = "YES"
            buildForAnalyzing = "YES">
            <BuildableReference
               BuildableIdentifier = "primary"
               BlueprintIdentifier = "87782AF0EC6A0F011581B69B"
               BuildableName = "MyLibraryAPI2.framework"
               BlueprintName = "MyLibraryAPI2"
               ReferencedContainer = "container:MyLibrary2.xcodeproj">
            </BuildableReference>
         </BuildActionEntry>
         <BuildActionEntry
            buildForTesting = "YES"
            buildForRunning = "YES"
            buildForProfiling = "YES"
            buildForArchiving = "YES"
            buildForAnalyzing = "YES">
            <BuildableReference
               BuildableIdentifier = "primary"
               BlueprintIdentifier = "BFFC3E22A393532AB7CAA98B"
               BuildableName = "MyLibraryExampleApp.app"
               BlueprintName = "MyLibraryExampleApp"
               ReferencedContainer = "container:MyLibrary2.xcodeproj">
            </BuildableReference>
         </BuildActionEntry>
         <BuildActionEntry
            buildForTesting = "YES"
            buildForRunning = "YES"
            buildForProfiling = "YES"
            buildForArchiving = "YES"
            buildForAnalyzing = "YES">
            <BuildableReference
               BuildableIdentifier = "primary"
               BlueprintIdentifier = "6D0183589CFA6A267099447A"
               BuildableName = "MyLibraryMocks.xctest"
               BlueprintName = "MyLibraryMocks"
               ReferencedContainer = "container:../MyLibrary/MyLibrary.xcodeproj">
            </BuildableReference>
         </BuildActionEntry>
         <BuildActionEntry
            buildForTesting = "YES"
            buildForRunning = "YES"
            buildForProfiling = "YES"
            buildForArchiving = "YES"
            buildForAnalyzing = "YES">
            <BuildableReference
               BuildableIdentifier = "primary"
               BlueprintIdentifier = "9A5E1ED9EC4D9352A299EC64"
               BuildableName = "MyLibraryMocks.xctest"
               BlueprintName = "MyLibraryMocks"
               ReferencedContainer = "container:MyLibrary2.xcodeproj">
            </BuildableReference>
         </BuildActionEntry>
         <BuildActionEntry
            buildForTesting = "YES"
            buildForRunning = "YES"
            buildForProfiling = "YES"
            buildForArchiving = "YES"
            buildForAnalyzing = "YES">
            <BuildableReference
               BuildableIdentifier = "primary"
               BlueprintIdentifier = "13979D9EB0CDD25EC1BE950D"
               BuildableName = "MyLibraryTests.xctest"
               BlueprintName = "MyLibraryTests"
               ReferencedContainer = "container:../MyLibrary/MyLibrary.xcodeproj">
            </BuildableReference>
         </BuildActionEntry>
         <BuildActionEntry
            buildForTesting = "YES"
            buildForRunning = "YES"
            buildForProfiling = "YES"
            buildForArchiving = "YES"
            buildForAnalyzing = "YES">
            <BuildableReference
               BuildableIdentifier = "primary"
               BlueprintIdentifier = "4000B5A4DE14F38D9B3849B3"
               BuildableName = "MyLibraryTests.xctest"
               BlueprintName = "MyLibraryTests"
               ReferencedContainer = "container:MyLibrary2.xcodeproj">
            </BuildableReference>
         </BuildActionEntry>
      </BuildActionEntries>
   </BuildAction>
   <TestAction
      buildConfiguration = "Debug"
      selectedDebuggerIdentifier = "Xcode.DebuggerFoundation.Debugger.LLDB"
      selectedLauncherIdentifier = "Xcode.DebuggerFoundation.Launcher.LLDB"
      shouldUseLaunchSchemeArgsEnv = "YES">
      <Testables>
         <TestableReference
            skipped = "NO"
            parallelizable = "NO">
            <BuildableReference
               BuildableIdentifier = "primary"
               BlueprintIdentifier = "6D0183589CFA6A267099447A"
               BuildableName = "MyLibraryMocks.xctest"
               BlueprintName = "MyLibraryMocks"
               ReferencedContainer = "container:../MyLibrary/MyLibrary.xcodeproj">
            </BuildableReference>
         </TestableReference>
         <TestableReference
            skipped = "NO"
            parallelizable = "NO">
            <BuildableReference
               BuildableIdentifier = "primary"
               BlueprintIdentifier = "9A5E1ED9EC4D9352A299EC64"
               BuildableName = "MyLibraryMocks.xctest"
               BlueprintName = "MyLibraryMocks"
               ReferencedContainer = "container:MyLibrary2.xcodeproj">
            </BuildableReference>
         </TestableReference>
         <TestableReference
            skipped = "NO"
            parallelizable = "NO">
            <BuildableReference
               BuildableIdentifier = "primary"
               BlueprintIdentifier = "13979D9EB0CDD25EC1BE950D"
               BuildableName = "MyLibraryTests.xctest"
               BlueprintName = "MyLibraryTests"
               ReferencedContainer = "container:../MyLibrary/MyLibrary.xcodeproj">
            </BuildableReference>
         </TestableReference>
         <TestableReference
            skipped = "NO"
            parallelizable = "NO">
            <BuildableReference
               BuildableIdentifier = "primary"
               BlueprintIdentifier = "4000B5A4DE14F38D9B3849B3"
               BuildableName = "MyLibraryTests.xctest"
               BlueprintName = "MyLibraryTests"
               ReferencedContainer = "container:MyLibrary2.xcodeproj">
            </BuildableReference>
         </TestableReference>
      </Testables>
   </TestAction>
   <LaunchAction
      buildConfiguration = "Debug"
      selectedDebuggerIdentifier = "Xcode.DebuggerFoundation.Debugger.LLDB"
      selectedLauncherIdentifier = "Xcode.DebuggerFoundation.Launcher.LLDB"
      launchStyle = "0"
      useCustomWorkingDirectory = "NO"
      ignoresPersistentStateOnLaunch = "NO"
      debugDocumentVersioning = "YES"
      debugServiceExtension = "internal"
      allowLocationSimulation = "YES">
      <BuildableProductRunnable
         runnableDebuggingMode = "0">
         <BuildableReference
            BuildableIdentifier = "primary"
            BlueprintIdentifier = "AB95161442604BF63F61B8A3"
            BuildableName = "KekExampleApp.app"
            BlueprintName = "KekExampleApp"
            ReferencedContainer = "container:../MyLibrary/MyLibrary.xcodeproj">
         </BuildableReference>
      </BuildableProductRunnable>
   </LaunchAction>
   <ProfileAction
      buildConfiguration = "Release"
      shouldUseLaunchSchemeArgsEnv = "YES"
      savedToolIdentifier = ""
      useCustomWorkingDirectory = "NO"
      debugDocumentVersioning = "YES">
      <BuildableProductRunnable
         runnableDebuggingMode = "0">
         <BuildableReference
            BuildableIdentifier = "primary"
            BlueprintIdentifier = "AB95161442604BF63F61B8A3"
            BuildableName = "KekExampleApp.app"
            BlueprintName = "KekExampleApp"
            ReferencedContainer = "container:../MyLibrary/MyLibrary.xcodeproj">
         </BuildableReference>
      </BuildableProductRunnable>
   </ProfileAction>
   <AnalyzeAction
      buildConfiguration = "Debug">
   </AnalyzeAction>
   <ArchiveAction
      buildConfiguration = "Release"
      revealArchiveInOrganizer = "YES">
   </ArchiveAction>
</Scheme>
