// !$*UTF8*$!
{
	archiveVersion = 1;
	classes = {
	};
	objectVersion = 55;
	objects = {

/* Begin PBXBuildFile section */
		0859E719700981F8BAD5C772 /* ExampleAppApp.swift in Sources */ = {isa = PBXBuildFile; fileRef = 3E0CEEB77C088E2AC40C593E /* ExampleAppApp.swift */; };
		92F3B27F972E20B0CD296EC3 /* ContentView.swift in Sources */ = {isa = PBXBuildFile; fileRef = 2DB54836D9A9A8C571EC78A1 /* ContentView.swift */; };
		A0B4CA9AB6BFB51E48F20576 /* Test.swift in Sources */ = {isa = PBXBuildFile; fileRef = DFC47F9357C064173B624408 /* Test.swift */; };
		B58DB12F55391E6E6D49BEB4 /* MyLibraryAPI.xcframework in Static XCFramework Dependencies */ = {isa = PBXBuildFile; fileRef = 29AAE56B1810ECD1721055F9 /* MyLibraryAPI.xcframework */; };
		CD2EF13932DBB55587581E48 /* MyLibrary.swift in Sources */ = {isa = PBXBuildFile; fileRef = 97650603642AE8BCACB80157 /* MyLibrary.swift */; };
/* End PBXBuildFile section */

/* Begin PBXCopyFilesBuildPhase section */
		9FEB0C08FB77F77805CA2C79 /* Embed Frameworks */ = {
			isa = PBXCopyFilesBuildPhase;
			buildActionMask = 2147483647;
			dstPath = "";
			dstSubfolderSpec = 10;
			files = (
			);
			name = "Embed Frameworks";
			runOnlyForDeploymentPostprocessing = 0;
		};
		A02DB4F5CF055806BC231061 /* Embed Frameworks */ = {
			isa = PBXCopyFilesBuildPhase;
			buildActionMask = 2147483647;
			dstPath = "";
			dstSubfolderSpec = 10;
			files = (
			);
			name = "Embed Frameworks";
			runOnlyForDeploymentPostprocessing = 0;
		};
		D8B80FA2C67F5143E6E5035D /* Static XCFramework Dependencies */ = {
			isa = PBXCopyFilesBuildPhase;
			buildActionMask = 8;
			dstPath = _StaticXCFrameworkDependencies/MyLibrary;
			dstSubfolderSpec = 16;
			files = (
				B58DB12F55391E6E6D49BEB4 /* MyLibraryAPI.xcframework in Static XCFramework Dependencies */,
			);
			name = "Static XCFramework Dependencies";
			runOnlyForDeploymentPostprocessing = 1;
		};
/* End PBXCopyFilesBuildPhase section */

/* Begin PBXFileReference section */
		29AAE56B1810ECD1721055F9 /* MyLibraryAPI.xcframework */ = {isa = PBXFileReference; lastKnownFileType = wrapper.xcframework; name = MyLibraryAPI.xcframework; path = /Users/giskhakov/.cache/tuist/Binaries/a619515b7c635881de341e6e3f460958/MyLibraryAPI.xcframework; sourceTree = "<absolute>"; };
		2DB54836D9A9A8C571EC78A1 /* ContentView.swift */ = {isa = PBXFileReference; lastKnownFileType = sourcecode.swift; path = ContentView.swift; sourceTree = "<group>"; };
		3E0CEEB77C088E2AC40C593E /* ExampleAppApp.swift */ = {isa = PBXFileReference; lastKnownFileType = sourcecode.swift; path = ExampleAppApp.swift; sourceTree = "<group>"; };
		7B7FAF94F11EEBCEF11B21D8 /* KekExampleApp-Info.plist */ = {isa = PBXFileReference; lastKnownFileType = text.plist; path = "KekExampleApp-Info.plist"; sourceTree = "<group>"; };
		96C2AB1A228E4558C5F2C7FF /* KekExampleApp.app */ = {isa = PBXFileReference; explicitFileType = wrapper.application; includeInIndex = 0; path = KekExampleApp.app; sourceTree = BUILT_PRODUCTS_DIR; };
		97650603642AE8BCACB80157 /* MyLibrary.swift */ = {isa = PBXFileReference; lastKnownFileType = sourcecode.swift; path = MyLibrary.swift; sourceTree = "<group>"; };
		DFC47F9357C064173B624408 /* Test.swift */ = {isa = PBXFileReference; lastKnownFileType = sourcecode.swift; path = Test.swift; sourceTree = "<group>"; };
		F6E59582CC6255D5E3B3DBBD /* libMyLibrary.a */ = {isa = PBXFileReference; explicitFileType = archive.ar; includeInIndex = 0; path = libMyLibrary.a; sourceTree = BUILT_PRODUCTS_DIR; };
/* End PBXFileReference section */

/* Begin PBXFrameworksBuildPhase section */
		124F9BB68ABD958D4715ED73 /* Frameworks */ = {
			isa = PBXFrameworksBuildPhase;
			buildActionMask = 2147483647;
			files = (
			);
			runOnlyForDeploymentPostprocessing = 0;
		};
		52A4133899ADA387BF687E70 /* Frameworks */ = {
			isa = PBXFrameworksBuildPhase;
			buildActionMask = 2147483647;
			files = (
			);
			runOnlyForDeploymentPostprocessing = 0;
		};
/* End PBXFrameworksBuildPhase section */

/* Begin PBXGroup section */
		054B19DF70F3489C871ED1A0 /* ExampleApp */ = {
			isa = PBXGroup;
			children = (
				2DB54836D9A9A8C571EC78A1 /* ContentView.swift */,
				3E0CEEB77C088E2AC40C593E /* ExampleAppApp.swift */,
			);
			path = ExampleApp;
			sourceTree = "<group>";
		};
		093A974857D40945FCDBAB6A /* MyLibrary */ = {
			isa = PBXGroup;
			children = (
				97650603642AE8BCACB80157 /* MyLibrary.swift */,
				DFC47F9357C064173B624408 /* Test.swift */,
			);
			path = MyLibrary;
			sourceTree = "<group>";
		};
		09A2CED3ED490360D6F10306 /* InfoPlists */ = {
			isa = PBXGroup;
			children = (
				7B7FAF94F11EEBCEF11B21D8 /* KekExampleApp-Info.plist */,
			);
			path = InfoPlists;
			sourceTree = "<group>";
		};
		169E12B501947436ED42779A /* Project */ = {
			isa = PBXGroup;
			children = (
				A16314EE31B3000970501BC2 /* Derived */,
				054B19DF70F3489C871ED1A0 /* ExampleApp */,
				093A974857D40945FCDBAB6A /* MyLibrary */,
			);
			name = Project;
			sourceTree = "<group>";
		};
		3E2DEDEEF9CD00E637AA4B62 = {
			isa = PBXGroup;
			children = (
				169E12B501947436ED42779A /* Project */,
				65D3E22F8FAD81E3B195061E /* Products */,
				5E0C1271F5C10A4E55E71DCC /* Cache */,
			);
			sourceTree = "<group>";
		};
		5E0C1271F5C10A4E55E71DCC /* Cache */ = {
			isa = PBXGroup;
			children = (
				29AAE56B1810ECD1721055F9 /* MyLibraryAPI.xcframework */,
			);
			name = Cache;
			sourceTree = "<group>";
		};
		65D3E22F8FAD81E3B195061E /* Products */ = {
			isa = PBXGroup;
			children = (
				96C2AB1A228E4558C5F2C7FF /* KekExampleApp.app */,
				F6E59582CC6255D5E3B3DBBD /* libMyLibrary.a */,
			);
			name = Products;
			sourceTree = "<group>";
		};
		A16314EE31B3000970501BC2 /* Derived */ = {
			isa = PBXGroup;
			children = (
				09A2CED3ED490360D6F10306 /* InfoPlists */,
			);
			path = Derived;
			sourceTree = "<group>";
		};
/* End PBXGroup section */

/* Begin PBXNativeTarget section */
		6DCB55F6E1887BF1D9AC05E5 /* MyLibrary */ = {
			isa = PBXNativeTarget;
			buildConfigurationList = 1FDEC9BBA72D1679389F7FAD /* Build configuration list for PBXNativeTarget "MyLibrary" */;
			buildPhases = (
				8FE470FAC3CAA1791F207236 /* Sources */,
				87492AFE086A118DDBB0EF63 /* Resources */,
				124F9BB68ABD958D4715ED73 /* Frameworks */,
				9FEB0C08FB77F77805CA2C79 /* Embed Frameworks */,
				D8B80FA2C67F5143E6E5035D /* Static XCFramework Dependencies */,
			);
			buildRules = (
			);
			dependencies = (
			);
			name = MyLibrary;
			packageProductDependencies = (
			);
			productName = MyLibrary;
			productReference = F6E59582CC6255D5E3B3DBBD /* libMyLibrary.a */;
			productType = "com.apple.product-type.library.static";
		};
		AB95161442604BF63F61B8A3 /* KekExampleApp */ = {
			isa = PBXNativeTarget;
			buildConfigurationList = 3C1F6ACA24FAAF516CC91807 /* Build configuration list for PBXNativeTarget "KekExampleApp" */;
			buildPhases = (
				8B7C1BCBDF7BA0A77D0B0E49 /* Sources */,
				0F4527B66334FB763AAD9802 /* Resources */,
				52A4133899ADA387BF687E70 /* Frameworks */,
				A02DB4F5CF055806BC231061 /* Embed Frameworks */,
			);
			buildRules = (
			);
			dependencies = (
			);
			name = KekExampleApp;
			packageProductDependencies = (
			);
			productName = KekExampleApp;
			productReference = 96C2AB1A228E4558C5F2C7FF /* KekExampleApp.app */;
			productType = "com.apple.product-type.application";
		};
/* End PBXNativeTarget section */

/* Begin PBXProject section */
		EB4089BA0588F7AE70074E51 /* Project object */ = {
			isa = PBXProject;
			attributes = {
				BuildIndependentTargetsInParallel = YES;
			};
			buildConfigurationList = 1CB12CE057B40B4323039CF1 /* Build configuration list for PBXProject "MyLibrary" */;
			compatibilityVersion = "Xcode 14.0";
			developmentRegion = en;
			hasScannedForEncodings = 0;
			knownRegions = (
				Base,
				en,
			);
			mainGroup = 3E2DEDEEF9CD00E637AA4B62;
			productRefGroup = 65D3E22F8FAD81E3B195061E /* Products */;
			projectDirPath = "";
			projectRoot = "";
			targets = (
				AB95161442604BF63F61B8A3 /* KekExampleApp */,
				6DCB55F6E1887BF1D9AC05E5 /* MyLibrary */,
			);
		};
/* End PBXProject section */

/* Begin PBXResourcesBuildPhase section */
		0F4527B66334FB763AAD9802 /* Resources */ = {
			isa = PBXResourcesBuildPhase;
			buildActionMask = 2147483647;
			files = (
			);
			runOnlyForDeploymentPostprocessing = 0;
		};
		87492AFE086A118DDBB0EF63 /* Resources */ = {
			isa = PBXResourcesBuildPhase;
			buildActionMask = 2147483647;
			files = (
			);
			runOnlyForDeploymentPostprocessing = 0;
		};
/* End PBXResourcesBuildPhase section */

/* Begin PBXSourcesBuildPhase section */
		8B7C1BCBDF7BA0A77D0B0E49 /* Sources */ = {
			isa = PBXSourcesBuildPhase;
			buildActionMask = 2147483647;
			files = (
				92F3B27F972E20B0CD296EC3 /* ContentView.swift in Sources */,
				0859E719700981F8BAD5C772 /* ExampleAppApp.swift in Sources */,
			);
			runOnlyForDeploymentPostprocessing = 0;
		};
		8FE470FAC3CAA1791F207236 /* Sources */ = {
			isa = PBXSourcesBuildPhase;
			buildActionMask = 2147483647;
			files = (
				CD2EF13932DBB55587581E48 /* MyLibrary.swift in Sources */,
				A0B4CA9AB6BFB51E48F20576 /* Test.swift in Sources */,
			);
			runOnlyForDeploymentPostprocessing = 0;
		};
/* End PBXSourcesBuildPhase section */

/* Begin XCBuildConfiguration section */
		12B816C7C3817080F94447D6 /* Debug */ = {
			isa = XCBuildConfiguration;
			buildSettings = {
				CODE_SIGN_IDENTITY = "iPhone Developer";
				OTHER_LDFLAGS = "-ObjC";
				PRODUCT_BUNDLE_IDENTIFIER = "";
				PRODUCT_NAME = MyLibrary;
				SDKROOT = iphoneos;
				SKIP_INSTALL = YES;
				SUPPORTS_MACCATALYST = NO;
				SUPPORTS_MAC_DESIGNED_FOR_IPHONE_IPAD = YES;
				SUPPORTS_XR_DESIGNED_FOR_IPHONE_IPAD = NO;
				SWIFT_ACTIVE_COMPILATION_CONDITIONS = (
					"$(inherited)",
					DEBUG,
				);
				SWIFT_COMPILATION_MODE = singlefile;
				SWIFT_OPTIMIZATION_LEVEL = "-Onone";
				SWIFT_VERSION = 5.0;
				TARGETED_DEVICE_FAMILY = "1,2";
			};
			name = Debug;
		};
		182ED21D71AE51E1E2E95E12 /* Debug */ = {
			isa = XCBuildConfiguration;
			buildSettings = {
				ASSETCATALOG_COMPILER_APPICON_NAME = AppIcon;
				CODE_SIGN_IDENTITY = "iPhone Developer";
				ENABLE_PREVIEWS = YES;
				INFOPLIST_FILE = "Derived/InfoPlists/KekExampleApp-Info.plist";
				LD_RUNPATH_SEARCH_PATHS = (
					"$(inherited)",
					"@executable_path/Frameworks",
				);
				PRODUCT_BUNDLE_IDENTIFIER = com.random.example;
				PRODUCT_NAME = KekExampleApp;
				SDKROOT = iphoneos;
				SUPPORTS_MACCATALYST = NO;
				SUPPORTS_MAC_DESIGNED_FOR_IPHONE_IPAD = YES;
				SUPPORTS_XR_DESIGNED_FOR_IPHONE_IPAD = NO;
				SWIFT_ACTIVE_COMPILATION_CONDITIONS = (
					"$(inherited)",
					DEBUG,
				);
				SWIFT_COMPILATION_MODE = singlefile;
				SWIFT_OPTIMIZATION_LEVEL = "-Onone";
				SWIFT_VERSION = 5.0;
				TARGETED_DEVICE_FAMILY = "1,2";
			};
			name = Debug;
		};
		32718DC07C86EB830FB4248D /* Release */ = {
			isa = XCBuildConfiguration;
			buildSettings = {
				ASSETCATALOG_COMPILER_APPICON_NAME = AppIcon;
				CODE_SIGN_IDENTITY = "iPhone Developer";
				ENABLE_PREVIEWS = YES;
				INFOPLIST_FILE = "Derived/InfoPlists/KekExampleApp-Info.plist";
				LD_RUNPATH_SEARCH_PATHS = (
					"$(inherited)",
					"@executable_path/Frameworks",
				);
				PRODUCT_BUNDLE_IDENTIFIER = com.random.example;
				PRODUCT_NAME = KekExampleApp;
				SDKROOT = iphoneos;
				SUPPORTS_MACCATALYST = NO;
				SUPPORTS_MAC_DESIGNED_FOR_IPHONE_IPAD = YES;
				SUPPORTS_XR_DESIGNED_FOR_IPHONE_IPAD = NO;
				SWIFT_COMPILATION_MODE = wholemodule;
				SWIFT_OPTIMIZATION_LEVEL = "-Owholemodule";
				SWIFT_VERSION = 5.0;
				TARGETED_DEVICE_FAMILY = "1,2";
			};
			name = Release;
		};
		58EF0CAB33C35FD4CBBCA3D7 /* Release */ = {
			isa = XCBuildConfiguration;
			buildSettings = {
				ALWAYS_SEARCH_USER_PATHS = NO;
				CLANG_ANALYZER_LOCALIZABILITY_NONLOCALIZED = YES;
				CLANG_ANALYZER_NONNULL = YES;
				CLANG_ANALYZER_NUMBER_OBJECT_CONVERSION = YES_AGGRESSIVE;
				CLANG_CXX_LANGUAGE_STANDARD = "gnu++14";
				CLANG_CXX_LIBRARY = "libc++";
				CLANG_ENABLE_MODULES = YES;
				CLANG_ENABLE_OBJC_ARC = YES;
				CLANG_ENABLE_OBJC_WEAK = YES;
				CLANG_WARN_BLOCK_CAPTURE_AUTORELEASING = YES;
				CLANG_WARN_BOOL_CONVERSION = YES;
				CLANG_WARN_COMMA = YES;
				CLANG_WARN_CONSTANT_CONVERSION = YES;
				CLANG_WARN_DEPRECATED_OBJC_IMPLEMENTATIONS = YES;
				CLANG_WARN_DIRECT_OBJC_ISA_USAGE = YES_ERROR;
				CLANG_WARN_DOCUMENTATION_COMMENTS = YES;
				CLANG_WARN_EMPTY_BODY = YES;
				CLANG_WARN_ENUM_CONVERSION = YES;
				CLANG_WARN_INFINITE_RECURSION = YES;
				CLANG_WARN_INT_CONVERSION = YES;
				CLANG_WARN_NON_LITERAL_NULL_CONVERSION = YES;
				CLANG_WARN_OBJC_IMPLICIT_RETAIN_SELF = YES;
				CLANG_WARN_OBJC_LITERAL_CONVERSION = YES;
				CLANG_WARN_OBJC_ROOT_CLASS = YES_ERROR;
				CLANG_WARN_QUOTED_INCLUDE_IN_FRAMEWORK_HEADER = YES;
				CLANG_WARN_RANGE_LOOP_ANALYSIS = YES;
				CLANG_WARN_STRICT_PROTOTYPES = YES;
				CLANG_WARN_SUSPICIOUS_MOVE = YES;
				CLANG_WARN_UNGUARDED_AVAILABILITY = YES_AGGRESSIVE;
				CLANG_WARN_UNREACHABLE_CODE = YES;
				CLANG_WARN__DUPLICATE_METHOD_MATCH = YES;
				COPY_PHASE_STRIP = NO;
				DEAD_CODE_STRIPPING = YES;
				DEBUG_INFORMATION_FORMAT = "dwarf-with-dsym";
				ENABLE_NS_ASSERTIONS = NO;
				ENABLE_STRICT_OBJC_MSGSEND = YES;
				GCC_C_LANGUAGE_STANDARD = gnu11;
				GCC_NO_COMMON_BLOCKS = YES;
				GCC_WARN_64_TO_32_BIT_CONVERSION = YES;
				GCC_WARN_ABOUT_RETURN_TYPE = YES_ERROR;
				GCC_WARN_UNDECLARED_SELECTOR = YES;
				GCC_WARN_UNINITIALIZED_AUTOS = YES_AGGRESSIVE;
				GCC_WARN_UNUSED_FUNCTION = YES;
				GCC_WARN_UNUSED_VARIABLE = YES;
				MTL_ENABLE_DEBUG_INFO = NO;
				PRODUCT_NAME = "$(TARGET_NAME)";
				SRCROOT = /Users/giskhakov/Documents/test/testingtuistgit/testingtusit/Packages/Features/MyLibrary;
				VALIDATE_PRODUCT = YES;
			};
			name = Release;
		};
		E8A56E50FDCB268F3EFBCB09 /* Release */ = {
			isa = XCBuildConfiguration;
			buildSettings = {
				CODE_SIGN_IDENTITY = "iPhone Developer";
				OTHER_LDFLAGS = "-ObjC";
				PRODUCT_BUNDLE_IDENTIFIER = "";
				PRODUCT_NAME = MyLibrary;
				SDKROOT = iphoneos;
				SKIP_INSTALL = YES;
				SUPPORTS_MACCATALYST = NO;
				SUPPORTS_MAC_DESIGNED_FOR_IPHONE_IPAD = YES;
				SUPPORTS_XR_DESIGNED_FOR_IPHONE_IPAD = NO;
				SWIFT_COMPILATION_MODE = wholemodule;
				SWIFT_OPTIMIZATION_LEVEL = "-Owholemodule";
				SWIFT_VERSION = 5.0;
				TARGETED_DEVICE_FAMILY = "1,2";
			};
			name = Release;
		};
		F8BDF44E423938B2C48585BF /* Debug */ = {
			isa = XCBuildConfiguration;
			buildSettings = {
				ALWAYS_SEARCH_USER_PATHS = NO;
				CLANG_ANALYZER_LOCALIZABILITY_NONLOCALIZED = YES;
				CLANG_ANALYZER_NONNULL = YES;
				CLANG_ANALYZER_NUMBER_OBJECT_CONVERSION = YES_AGGRESSIVE;
				CLANG_CXX_LANGUAGE_STANDARD = "gnu++14";
				CLANG_CXX_LIBRARY = "libc++";
				CLANG_ENABLE_MODULES = YES;
				CLANG_ENABLE_OBJC_ARC = YES;
				CLANG_ENABLE_OBJC_WEAK = YES;
				CLANG_WARN_BLOCK_CAPTURE_AUTORELEASING = YES;
				CLANG_WARN_BOOL_CONVERSION = YES;
				CLANG_WARN_COMMA = YES;
				CLANG_WARN_CONSTANT_CONVERSION = YES;
				CLANG_WARN_DEPRECATED_OBJC_IMPLEMENTATIONS = YES;
				CLANG_WARN_DIRECT_OBJC_ISA_USAGE = YES_ERROR;
				CLANG_WARN_DOCUMENTATION_COMMENTS = YES;
				CLANG_WARN_EMPTY_BODY = YES;
				CLANG_WARN_ENUM_CONVERSION = YES;
				CLANG_WARN_INFINITE_RECURSION = YES;
				CLANG_WARN_INT_CONVERSION = YES;
				CLANG_WARN_NON_LITERAL_NULL_CONVERSION = YES;
				CLANG_WARN_OBJC_IMPLICIT_RETAIN_SELF = YES;
				CLANG_WARN_OBJC_LITERAL_CONVERSION = YES;
				CLANG_WARN_OBJC_ROOT_CLASS = YES_ERROR;
				CLANG_WARN_QUOTED_INCLUDE_IN_FRAMEWORK_HEADER = YES;
				CLANG_WARN_RANGE_LOOP_ANALYSIS = YES;
				CLANG_WARN_STRICT_PROTOTYPES = YES;
				CLANG_WARN_SUSPICIOUS_MOVE = YES;
				CLANG_WARN_UNGUARDED_AVAILABILITY = YES_AGGRESSIVE;
				CLANG_WARN_UNREACHABLE_CODE = YES;
				CLANG_WARN__DUPLICATE_METHOD_MATCH = YES;
				COPY_PHASE_STRIP = NO;
				DEAD_CODE_STRIPPING = YES;
				DEBUG_INFORMATION_FORMAT = dwarf;
				ENABLE_STRICT_OBJC_MSGSEND = YES;
				ENABLE_TESTABILITY = YES;
				GCC_C_LANGUAGE_STANDARD = gnu11;
				GCC_DYNAMIC_NO_PIC = NO;
				GCC_NO_COMMON_BLOCKS = YES;
				GCC_OPTIMIZATION_LEVEL = 0;
				GCC_PREPROCESSOR_DEFINITIONS = (
					"DEBUG=1",
					"$(inherited)",
				);
				GCC_WARN_64_TO_32_BIT_CONVERSION = YES;
				GCC_WARN_ABOUT_RETURN_TYPE = YES_ERROR;
				GCC_WARN_UNDECLARED_SELECTOR = YES;
				GCC_WARN_UNINITIALIZED_AUTOS = YES_AGGRESSIVE;
				GCC_WARN_UNUSED_FUNCTION = YES;
				GCC_WARN_UNUSED_VARIABLE = YES;
				MTL_ENABLE_DEBUG_INFO = YES;
				ONLY_ACTIVE_ARCH = YES;
				PRODUCT_NAME = "$(TARGET_NAME)";
				SRCROOT = /Users/giskhakov/Documents/test/testingtuistgit/testingtusit/Packages/Features/MyLibrary;
			};
			name = Debug;
		};
/* End XCBuildConfiguration section */

/* Begin XCConfigurationList section */
		1CB12CE057B40B4323039CF1 /* Build configuration list for PBXProject "MyLibrary" */ = {
			isa = XCConfigurationList;
			buildConfigurations = (
				F8BDF44E423938B2C48585BF /* Debug */,
				58EF0CAB33C35FD4CBBCA3D7 /* Release */,
			);
			defaultConfigurationIsVisible = 0;
			defaultConfigurationName = Release;
		};
		1FDEC9BBA72D1679389F7FAD /* Build configuration list for PBXNativeTarget "MyLibrary" */ = {
			isa = XCConfigurationList;
			buildConfigurations = (
				12B816C7C3817080F94447D6 /* Debug */,
				E8A56E50FDCB268F3EFBCB09 /* Release */,
			);
			defaultConfigurationIsVisible = 0;
			defaultConfigurationName = Release;
		};
		3C1F6ACA24FAAF516CC91807 /* Build configuration list for PBXNativeTarget "KekExampleApp" */ = {
			isa = XCConfigurationList;
			buildConfigurations = (
				182ED21D71AE51E1E2E95E12 /* Debug */,
				32718DC07C86EB830FB4248D /* Release */,
			);
			defaultConfigurationIsVisible = 0;
			defaultConfigurationName = Release;
		};
/* End XCConfigurationList section */
	};
	rootObject = EB4089BA0588F7AE70074E51 /* Project object */;
}
